// !$*UTF8*$!
{
	archiveVersion = 1;
	classes = {
	};
	objectVersion = 55;
	objects = {

/* Begin PBXBuildFile section */
		0D0B1300293CF1A2003D5751 /* ActivityIndicator.swift in Sources */ = {isa = PBXBuildFile; fileRef = 0D0B12FF293CF1A2003D5751 /* ActivityIndicator.swift */; };
		0D0B1302293CF64D003D5751 /* ErrorIndicator.swift in Sources */ = {isa = PBXBuildFile; fileRef = 0D0B1301293CF64D003D5751 /* ErrorIndicator.swift */; };
		0D13FD6A29058C2500A86E62 /* MapViewController.swift in Sources */ = {isa = PBXBuildFile; fileRef = 0D13FD6929058C2400A86E62 /* MapViewController.swift */; };
		0D13FD6C2905A52600A86E62 /* DogProfileViewController.swift in Sources */ = {isa = PBXBuildFile; fileRef = 0D13FD6B2905A52600A86E62 /* DogProfileViewController.swift */; };
		0D15F8702947DF3F0081AD4A /* UIWindow+topVC.swift in Sources */ = {isa = PBXBuildFile; fileRef = 0D15F86F2947DF3F0081AD4A /* UIWindow+topVC.swift */; };
		0D15F8722947F2DD0081AD4A /* SearchFieldView.swift in Sources */ = {isa = PBXBuildFile; fileRef = 0D15F8712947F2DD0081AD4A /* SearchFieldView.swift */; };
		0D15F87C2949A0850081AD4A /* TutorialViewModel.swift in Sources */ = {isa = PBXBuildFile; fileRef = 0D15F87B2949A0850081AD4A /* TutorialViewModel.swift */; };
		0D20142829001440008C2C90 /* TutorialViewController.swift in Sources */ = {isa = PBXBuildFile; fileRef = 0D20142729001440008C2C90 /* TutorialViewController.swift */; };
		0D20142A290015A8008C2C90 /* TutorialPageContentViewController.swift in Sources */ = {isa = PBXBuildFile; fileRef = 0D201429290015A8008C2C90 /* TutorialPageContentViewController.swift */; };
		0D20142C290017B7008C2C90 /* AttributedString+markdown.swift in Sources */ = {isa = PBXBuildFile; fileRef = 0D20142B290017B7008C2C90 /* AttributedString+markdown.swift */; };
		0D20142F290017FF008C2C90 /* MarkdownKit in Frameworks */ = {isa = PBXBuildFile; productRef = 0D20142E290017FF008C2C90 /* MarkdownKit */; };
		0D20143129005AC9008C2C90 /* TutorialContentModel.swift in Sources */ = {isa = PBXBuildFile; fileRef = 0D20143029005AC9008C2C90 /* TutorialContentModel.swift */; };
		0D2014372903F4B5008C2C90 /* ProfileEditViewController.swift in Sources */ = {isa = PBXBuildFile; fileRef = 0D2014362903F4B5008C2C90 /* ProfileEditViewController.swift */; };
		0D2014392903FB3B008C2C90 /* DogAvatarCollectionViewCell.swift in Sources */ = {isa = PBXBuildFile; fileRef = 0D2014382903FB3B008C2C90 /* DogAvatarCollectionViewCell.swift */; };
		0D20143B290402EC008C2C90 /* SnapCenterLayout.swift in Sources */ = {isa = PBXBuildFile; fileRef = 0D20143A290402EC008C2C90 /* SnapCenterLayout.swift */; };
		0D2016CF28E896D0003E673E /* Montserrat-SemiBold.ttf in Resources */ = {isa = PBXBuildFile; fileRef = 0D2016CD28E8963F003E673E /* Montserrat-SemiBold.ttf */; };
		0D2016D028E896D0003E673E /* Montserrat-Medium.ttf in Resources */ = {isa = PBXBuildFile; fileRef = 0D2016CC28E89636003E673E /* Montserrat-Medium.ttf */; };
		0D2016D128E896D0003E673E /* Montserrat-Regular.ttf in Resources */ = {isa = PBXBuildFile; fileRef = 0D2016CB28E8962D003E673E /* Montserrat-Regular.ttf */; };
		0D2016D328E89789003E673E /* UIFont+customFont.swift in Sources */ = {isa = PBXBuildFile; fileRef = 0D2016D228E89789003E673E /* UIFont+customFont.swift */; };
		0D227BCB28F9D7180026CDAA /* DefaultAlertViewController.swift in Sources */ = {isa = PBXBuildFile; fileRef = 0D227BCA28F9D7180026CDAA /* DefaultAlertViewController.swift */; };
		0D3C520828F4A17000F91D0C /* UIColor+assets.swift in Sources */ = {isa = PBXBuildFile; fileRef = 0D3C520728F4A17000F91D0C /* UIColor+assets.swift */; };
		0D3C520A28F4A17900F91D0C /* UIImage+assets.swift in Sources */ = {isa = PBXBuildFile; fileRef = 0D3C520928F4A17900F91D0C /* UIImage+assets.swift */; };
		0D3C520E28F4A88500F91D0C /* DefaultTextField.swift in Sources */ = {isa = PBXBuildFile; fileRef = 0D3C520D28F4A88500F91D0C /* DefaultTextField.swift */; };
		0D3C521028F4AF9100F91D0C /* LabelButton.swift in Sources */ = {isa = PBXBuildFile; fileRef = 0D3C520F28F4AF9100F91D0C /* LabelButton.swift */; };
		0D3C521228F4B42D00F91D0C /* Label.swift in Sources */ = {isa = PBXBuildFile; fileRef = 0D3C521128F4B42D00F91D0C /* Label.swift */; };
		0D3C521428F56DEB00F91D0C /* DefaultButton.swift in Sources */ = {isa = PBXBuildFile; fileRef = 0D3C521328F56DEB00F91D0C /* DefaultButton.swift */; };
		0D3C521628F57C1200F91D0C /* PasswordTextField.swift in Sources */ = {isa = PBXBuildFile; fileRef = 0D3C521528F57C1200F91D0C /* PasswordTextField.swift */; };
		0D3C521828F582CF00F91D0C /* UIViewController+hideKeyboard.swift in Sources */ = {isa = PBXBuildFile; fileRef = 0D3C521728F582CF00F91D0C /* UIViewController+hideKeyboard.swift */; };
		0D3C521A28F5836500F91D0C /* AppRootViewController.swift in Sources */ = {isa = PBXBuildFile; fileRef = 0D3C521928F5836500F91D0C /* AppRootViewController.swift */; };
		0D3C521D28F585A900F91D0C /* TextFieldNextable.swift in Sources */ = {isa = PBXBuildFile; fileRef = 0D3C521C28F585A900F91D0C /* TextFieldNextable.swift */; };
		0D3C521F28F58C2000F91D0C /* UIView+parentVC.swift in Sources */ = {isa = PBXBuildFile; fileRef = 0D3C521E28F58C2000F91D0C /* UIView+parentVC.swift */; };
		0D495BB3294C9DFC0052187F /* UITableViewCell+identifier.swift in Sources */ = {isa = PBXBuildFile; fileRef = 0D495BB2294C9DFC0052187F /* UITableViewCell+identifier.swift */; };
		0D50E5D028E8593C006DB37A /* AppDelegate.swift in Sources */ = {isa = PBXBuildFile; fileRef = 0D50E5CF28E8593C006DB37A /* AppDelegate.swift */; };
		0D50E5D428E8593C006DB37A /* AuthViewController.swift in Sources */ = {isa = PBXBuildFile; fileRef = 0D50E5D328E8593C006DB37A /* AuthViewController.swift */; };
		0D50E5D928E8593D006DB37A /* Assets.xcassets in Resources */ = {isa = PBXBuildFile; fileRef = 0D50E5D828E8593D006DB37A /* Assets.xcassets */; };
		0D50E5DC28E8593D006DB37A /* LaunchScreen.storyboard in Resources */ = {isa = PBXBuildFile; fileRef = 0D50E5DA28E8593D006DB37A /* LaunchScreen.storyboard */; };
		0D50E5E528E85A9C006DB37A /* SnapKit in Frameworks */ = {isa = PBXBuildFile; productRef = 0D50E5E428E85A9C006DB37A /* SnapKit */; };
		0D50E5E828E85ABC006DB37A /* Alamofire in Frameworks */ = {isa = PBXBuildFile; productRef = 0D50E5E728E85ABC006DB37A /* Alamofire */; };
		0D50E5EE28E85CEE006DB37A /* Then in Frameworks */ = {isa = PBXBuildFile; productRef = 0D50E5ED28E85CEE006DB37A /* Then */; };
		0D5BD10628F5CA1700DD1496 /* ScalableImageView.swift in Sources */ = {isa = PBXBuildFile; fileRef = 0D5BD10528F5CA1700DD1496 /* ScalableImageView.swift */; };
		0D5E66CD28F09D770094C949 /* SplashAnimator.swift in Sources */ = {isa = PBXBuildFile; fileRef = 0D5E66CA28F09D770094C949 /* SplashAnimator.swift */; };
		0D5E66CE28F09D770094C949 /* SplashViewController.swift in Sources */ = {isa = PBXBuildFile; fileRef = 0D5E66CB28F09D770094C949 /* SplashViewController.swift */; };
		0D5E66CF28F09D770094C949 /* SplashPresenter.swift in Sources */ = {isa = PBXBuildFile; fileRef = 0D5E66CC28F09D770094C949 /* SplashPresenter.swift */; };
		0D5E66D228F0BB220094C949 /* Lottie in Frameworks */ = {isa = PBXBuildFile; productRef = 0D5E66D128F0BB220094C949 /* Lottie */; };
		0D6C0D24290EC22900BF4A14 /* InvisibleZoneConfigurateViewController.swift in Sources */ = {isa = PBXBuildFile; fileRef = 0D6C0D23290EC22900BF4A14 /* InvisibleZoneConfigurateViewController.swift */; };
		0D7113D429066FF6005AB9F9 /* Utils.swift in Sources */ = {isa = PBXBuildFile; fileRef = 0D7113D329066FF6005AB9F9 /* Utils.swift */; };
		0D7113D629067616005AB9F9 /* AuthViewModel.swift in Sources */ = {isa = PBXBuildFile; fileRef = 0D7113D529067616005AB9F9 /* AuthViewModel.swift */; };
		0D7113DB29067E94005AB9F9 /* CombineCocoa in Frameworks */ = {isa = PBXBuildFile; productRef = 0D7113DA29067E94005AB9F9 /* CombineCocoa */; };
		0D7113DF2906A62E005AB9F9 /* ActiveLabel in Frameworks */ = {isa = PBXBuildFile; productRef = 0D7113DE2906A62E005AB9F9 /* ActiveLabel */; };
		0D7113E12906A918005AB9F9 /* AgreementViewController.swift in Sources */ = {isa = PBXBuildFile; fileRef = 0D7113E02906A918005AB9F9 /* AgreementViewController.swift */; };
		0D7113E82906F2D5005AB9F9 /* TestVCViewController.swift in Sources */ = {isa = PBXBuildFile; fileRef = 0D7113E72906F2D5005AB9F9 /* TestVCViewController.swift */; };
		0D7113EA2906FC8C005AB9F9 /* PersonEditViewController.swift in Sources */ = {isa = PBXBuildFile; fileRef = 0D7113E92906FC8C005AB9F9 /* PersonEditViewController.swift */; };
		0D7113ED29070663005AB9F9 /* ShowTime in Frameworks */ = {isa = PBXBuildFile; productRef = 0D7113EC29070663005AB9F9 /* ShowTime */; };
		0D7C5132294E77D2007D0D3C /* NotificationNamesExtension.swift in Sources */ = {isa = PBXBuildFile; fileRef = 0D7C5131294E77D2007D0D3C /* NotificationNamesExtension.swift */; };
		0D7C5134294E8103007D0D3C /* ProfileEditViewModel.swift in Sources */ = {isa = PBXBuildFile; fileRef = 0D7C5133294E8103007D0D3C /* ProfileEditViewModel.swift */; };
		0D7C5137294E8D22007D0D3C /* ListSearchViewControllerMany.swift in Sources */ = {isa = PBXBuildFile; fileRef = 0D7C5136294E8D22007D0D3C /* ListSearchViewControllerMany.swift */; };
		0D7C513E294E9C4E007D0D3C /* InternalTextView.swift in Sources */ = {isa = PBXBuildFile; fileRef = 0D7C513B294E9C4E007D0D3C /* InternalTextView.swift */; };
		0D7C513F294E9C4E007D0D3C /* NextGrowingTextView.swift in Sources */ = {isa = PBXBuildFile; fileRef = 0D7C513C294E9C4E007D0D3C /* NextGrowingTextView.swift */; };
		0D7C5140294E9C4E007D0D3C /* SizingContainerView.swift in Sources */ = {isa = PBXBuildFile; fileRef = 0D7C513D294E9C4E007D0D3C /* SizingContainerView.swift */; };
		0D7C5143294EA3C7007D0D3C /* UIView+firstResponderGet.swift in Sources */ = {isa = PBXBuildFile; fileRef = 0D7C5142294EA3C7007D0D3C /* UIView+firstResponderGet.swift */; };
		0D7C5147294F7B0A007D0D3C /* MyProfileQuery.graphql.swift in Sources */ = {isa = PBXBuildFile; fileRef = 0D7C5146294F7B0A007D0D3C /* MyProfileQuery.graphql.swift */; };
		0D7C5157294F7B1A007D0D3C /* StaticDangerQuery.graphql.swift in Sources */ = {isa = PBXBuildFile; fileRef = 0D7C5148294F7B1A007D0D3C /* StaticDangerQuery.graphql.swift */; };
		0D7C5158294F7B1A007D0D3C /* StaticHobbyQuery.graphql.swift in Sources */ = {isa = PBXBuildFile; fileRef = 0D7C5149294F7B1A007D0D3C /* StaticHobbyQuery.graphql.swift */; };
		0D7C5159294F7B1A007D0D3C /* SendResetMutation.graphql.swift in Sources */ = {isa = PBXBuildFile; fileRef = 0D7C514A294F7B1A007D0D3C /* SendResetMutation.graphql.swift */; };
		0D7C515A294F7B1A007D0D3C /* RefreshTokenMutation.graphql.swift in Sources */ = {isa = PBXBuildFile; fileRef = 0D7C514B294F7B1A007D0D3C /* RefreshTokenMutation.graphql.swift */; };
		0D7C515B294F7B1A007D0D3C /* ResetPasswordMutation.graphql.swift in Sources */ = {isa = PBXBuildFile; fileRef = 0D7C514C294F7B1A007D0D3C /* ResetPasswordMutation.graphql.swift */; };
		0D7C515C294F7B1A007D0D3C /* LoginUserMutation.graphql.swift in Sources */ = {isa = PBXBuildFile; fileRef = 0D7C514D294F7B1A007D0D3C /* LoginUserMutation.graphql.swift */; };
		0D7C515D294F7B1A007D0D3C /* StaticSpecialQuery.graphql.swift in Sources */ = {isa = PBXBuildFile; fileRef = 0D7C514E294F7B1A007D0D3C /* StaticSpecialQuery.graphql.swift */; };
		0D7C515E294F7B1A007D0D3C /* StaticFeaturesQuery.graphql.swift in Sources */ = {isa = PBXBuildFile; fileRef = 0D7C514F294F7B1A007D0D3C /* StaticFeaturesQuery.graphql.swift */; };
		0D7C515F294F7B1A007D0D3C /* StaticReasonQuery.graphql.swift in Sources */ = {isa = PBXBuildFile; fileRef = 0D7C5150294F7B1A007D0D3C /* StaticReasonQuery.graphql.swift */; };
		0D7C5160294F7B1A007D0D3C /* SendCodeMutation.graphql.swift in Sources */ = {isa = PBXBuildFile; fileRef = 0D7C5151294F7B1A007D0D3C /* SendCodeMutation.graphql.swift */; };
		0D7C5161294F7B1A007D0D3C /* CreateUserMutation.graphql.swift in Sources */ = {isa = PBXBuildFile; fileRef = 0D7C5152294F7B1A007D0D3C /* CreateUserMutation.graphql.swift */; };
		0D7C5162294F7B1A007D0D3C /* ValidateCodeMutation.graphql.swift in Sources */ = {isa = PBXBuildFile; fileRef = 0D7C5153294F7B1A007D0D3C /* ValidateCodeMutation.graphql.swift */; };
		0D7C5163294F7B1A007D0D3C /* StaticBreedQuery.graphql.swift in Sources */ = {isa = PBXBuildFile; fileRef = 0D7C5154294F7B1A007D0D3C /* StaticBreedQuery.graphql.swift */; };
		0D7C5164294F7B1A007D0D3C /* UpdatePasswordMutation.graphql.swift in Sources */ = {isa = PBXBuildFile; fileRef = 0D7C5155294F7B1A007D0D3C /* UpdatePasswordMutation.graphql.swift */; };
		0D7C5165294F7B1A007D0D3C /* StaticColorQuery.graphql.swift in Sources */ = {isa = PBXBuildFile; fileRef = 0D7C5156294F7B1A007D0D3C /* StaticColorQuery.graphql.swift */; };
		0D7C516929507A42007D0D3C /* APIService+Auth.swift in Sources */ = {isa = PBXBuildFile; fileRef = 0D7C516829507A42007D0D3C /* APIService+Auth.swift */; };
		0D7C516E29508365007D0D3C /* StaticItemsModel.swift in Sources */ = {isa = PBXBuildFile; fileRef = 0D7C516D29508365007D0D3C /* StaticItemsModel.swift */; };
		0D81D0AF28F83D2A00AB33D3 /* RecoverPasswordEmailViewController.swift in Sources */ = {isa = PBXBuildFile; fileRef = 0D81D0AE28F83D2A00AB33D3 /* RecoverPasswordEmailViewController.swift */; };
		0D81D0B128F840B600AB33D3 /* EmailCodeViewController.swift in Sources */ = {isa = PBXBuildFile; fileRef = 0D81D0B028F840B600AB33D3 /* EmailCodeViewController.swift */; };
		0D81D0B328F8734000AB33D3 /* NewPasswordViewController.swift in Sources */ = {isa = PBXBuildFile; fileRef = 0D81D0B228F8734000AB33D3 /* NewPasswordViewController.swift */; };
		0D81D0B528F883F000AB33D3 /* RegistrationViewController.swift in Sources */ = {isa = PBXBuildFile; fileRef = 0D81D0B428F883F000AB33D3 /* RegistrationViewController.swift */; };
		0DB4D9CB292FACA40098307C /* Apollo in Frameworks */ = {isa = PBXBuildFile; productRef = 0DB4D9CA292FACA40098307C /* Apollo */; };
		0DB4D9CD292FACA40098307C /* ApolloWebSocket in Frameworks */ = {isa = PBXBuildFile; productRef = 0DB4D9CC292FACA40098307C /* ApolloWebSocket */; };
		0DD0AAEE291535CF00E44F80 /* PersonTableViewCell.swift in Sources */ = {isa = PBXBuildFile; fileRef = 0DD0AAED291535CF00E44F80 /* PersonTableViewCell.swift */; };
		0DD0AAF0291546D000E44F80 /* BirthDateTableViewCell.swift in Sources */ = {isa = PBXBuildFile; fileRef = 0DD0AAEF291546D000E44F80 /* BirthDateTableViewCell.swift */; };
		0DD0AAF6291599C700E44F80 /* TagsTableViewCell.swift in Sources */ = {isa = PBXBuildFile; fileRef = 0DD0AAF5291599C700E44F80 /* TagsTableViewCell.swift */; };
		0DD0AB1A29165F7A00E44F80 /* CloseButton.swift in Sources */ = {isa = PBXBuildFile; fileRef = 0DD0AB1729165F7900E44F80 /* CloseButton.swift */; };
		0DD0AB1B29165F7A00E44F80 /* TagListView.swift in Sources */ = {isa = PBXBuildFile; fileRef = 0DD0AB1829165F7900E44F80 /* TagListView.swift */; };
		0DD0AB1C29165F7A00E44F80 /* TagView.swift in Sources */ = {isa = PBXBuildFile; fileRef = 0DD0AB1929165F7A00E44F80 /* TagView.swift */; };
		0DD24890290BDF5E00311427 /* ListSearchViewController.swift in Sources */ = {isa = PBXBuildFile; fileRef = 0DD2488F290BDF5E00311427 /* ListSearchViewController.swift */; };
		0DD24892290BEB5F00311427 /* DefaultNavigationViewController.swift in Sources */ = {isa = PBXBuildFile; fileRef = 0DD24891290BEB5F00311427 /* DefaultNavigationViewController.swift */; };
		0DD24894290BEB7C00311427 /* UIViewController+embedInNavigation.swift in Sources */ = {isa = PBXBuildFile; fileRef = 0DD24893290BEB7C00311427 /* UIViewController+embedInNavigation.swift */; };
		0DD24896290C1AFE00311427 /* ListTableViewCell.swift in Sources */ = {isa = PBXBuildFile; fileRef = 0DD24895290C1AFE00311427 /* ListTableViewCell.swift */; };
		0DD24898290D57E800311427 /* DefaultPicker.swift in Sources */ = {isa = PBXBuildFile; fileRef = 0DD24897290D57E800311427 /* DefaultPicker.swift */; };
		0DD2489A290D758200311427 /* DefaultSegmentedPicker.swift in Sources */ = {isa = PBXBuildFile; fileRef = 0DD24899290D758200311427 /* DefaultSegmentedPicker.swift */; };
		0DD2489C290D7B9500311427 /* DefaultDatePicker.swift in Sources */ = {isa = PBXBuildFile; fileRef = 0DD2489B290D7B9500311427 /* DefaultDatePicker.swift */; };
		0DDE7F00292FB4B5006CEE22 /* Aida in Frameworks */ = {isa = PBXBuildFile; productRef = 0DDE7EFF292FB4B5006CEE22 /* Aida */; };
		0DDE7F07292FBFF5006CEE22 /* APIService.swift in Sources */ = {isa = PBXBuildFile; fileRef = 0DDE7F06292FBFF5006CEE22 /* APIService.swift */; };
		0DDE7F0A2931392E006CEE22 /* ApolloCombine in Frameworks */ = {isa = PBXBuildFile; productRef = 0DDE7F092931392E006CEE22 /* ApolloCombine */; };
		0DDE7F0C2933C98D006CEE22 /* BaseError.swift in Sources */ = {isa = PBXBuildFile; fileRef = 0DDE7F0B2933C98D006CEE22 /* BaseError.swift */; };
		0DDE7F122933D649006CEE22 /* MyProfileViewModel.swift in Sources */ = {isa = PBXBuildFile; fileRef = 0DDE7F112933D649006CEE22 /* MyProfileViewModel.swift */; };
		0DDE7F142933DB00006CEE22 /* MyProfileViewController.swift in Sources */ = {isa = PBXBuildFile; fileRef = 0DDE7F132933DB00006CEE22 /* MyProfileViewController.swift */; };
		0DDE7F182933E6C1006CEE22 /* Coordinator.swift in Sources */ = {isa = PBXBuildFile; fileRef = 0DDE7F172933E6C1006CEE22 /* Coordinator.swift */; };
		0DDE7F1A2933E9FF006CEE22 /* Coordinatable.swift in Sources */ = {isa = PBXBuildFile; fileRef = 0DDE7F192933E9FF006CEE22 /* Coordinatable.swift */; };
		0DDE7F2B29341EA5006CEE22 /* TokenInterceptor.swift in Sources */ = {isa = PBXBuildFile; fileRef = 0DDE7F2A29341EA5006CEE22 /* TokenInterceptor.swift */; };
		0DE2D02C2910064800CA1F91 /* SearchFieldMapView.swift in Sources */ = {isa = PBXBuildFile; fileRef = 0DE2D02B2910064800CA1F91 /* SearchFieldMapView.swift */; };
		0DEC9CEE2912AB91001A8CDA /* Hero in Frameworks */ = {isa = PBXBuildFile; productRef = 0DEC9CED2912AB91001A8CDA /* Hero */; };
		0DEC9CF02912AC89001A8CDA /* ProfileSmallViewController.swift in Sources */ = {isa = PBXBuildFile; fileRef = 0DEC9CEF2912AC89001A8CDA /* ProfileSmallViewController.swift */; };
		0DEC9CF22912B46F001A8CDA /* ProfileBigViewController.swift in Sources */ = {isa = PBXBuildFile; fileRef = 0DEC9CF12912B46F001A8CDA /* ProfileBigViewController.swift */; };
		0DF25AC929168A6F00A279A0 /* DescriptionTableViewCell.swift in Sources */ = {isa = PBXBuildFile; fileRef = 0DF25AC829168A6F00A279A0 /* DescriptionTableViewCell.swift */; };
		0DF25ACB29169C4500A279A0 /* ContactsTableViewCell.swift in Sources */ = {isa = PBXBuildFile; fileRef = 0DF25ACA29169C4500A279A0 /* ContactsTableViewCell.swift */; };
		0DF25ACD2916C4ED00A279A0 /* DogProfileTableViewCell.swift in Sources */ = {isa = PBXBuildFile; fileRef = 0DF25ACC2916C4ED00A279A0 /* DogProfileTableViewCell.swift */; };
		0DF25ACF2916CA9900A279A0 /* DogProfileSpecsTableViewCell.swift in Sources */ = {isa = PBXBuildFile; fileRef = 0DF25ACE2916CA9900A279A0 /* DogProfileSpecsTableViewCell.swift */; };
		0DF25AD12916CB8D00A279A0 /* DogProfileFeaturesTableViewCell.swift in Sources */ = {isa = PBXBuildFile; fileRef = 0DF25AD02916CB8D00A279A0 /* DogProfileFeaturesTableViewCell.swift */; };
		0DF25AD32916CC1A00A279A0 /* DogProfileDescriptionTableViewCell.swift in Sources */ = {isa = PBXBuildFile; fileRef = 0DF25AD22916CC1A00A279A0 /* DogProfileDescriptionTableViewCell.swift */; };
		0DF25AD529179D6D00A279A0 /* DogProfileCollectionViewCell.swift in Sources */ = {isa = PBXBuildFile; fileRef = 0DF25AD429179D6D00A279A0 /* DogProfileCollectionViewCell.swift */; };
		0DF25AD72917BB1C00A279A0 /* MapButton.swift in Sources */ = {isa = PBXBuildFile; fileRef = 0DF25AD62917BB1C00A279A0 /* MapButton.swift */; };
		0DF25ADB2917FB6800A279A0 /* ResultTableViewCell.swift in Sources */ = {isa = PBXBuildFile; fileRef = 0DF25ADA2917FB6800A279A0 /* ResultTableViewCell.swift */; };
/* End PBXBuildFile section */

/* Begin PBXFileReference section */
		0D0B12FF293CF1A2003D5751 /* ActivityIndicator.swift */ = {isa = PBXFileReference; lastKnownFileType = sourcecode.swift; path = ActivityIndicator.swift; sourceTree = "<group>"; };
		0D0B1301293CF64D003D5751 /* ErrorIndicator.swift */ = {isa = PBXFileReference; lastKnownFileType = sourcecode.swift; path = ErrorIndicator.swift; sourceTree = "<group>"; };
		0D13FD6929058C2400A86E62 /* MapViewController.swift */ = {isa = PBXFileReference; lastKnownFileType = sourcecode.swift; path = MapViewController.swift; sourceTree = "<group>"; };
		0D13FD6B2905A52600A86E62 /* DogProfileViewController.swift */ = {isa = PBXFileReference; lastKnownFileType = sourcecode.swift; path = DogProfileViewController.swift; sourceTree = "<group>"; };
		0D15F86F2947DF3F0081AD4A /* UIWindow+topVC.swift */ = {isa = PBXFileReference; lastKnownFileType = sourcecode.swift; path = "UIWindow+topVC.swift"; sourceTree = "<group>"; };
		0D15F8712947F2DD0081AD4A /* SearchFieldView.swift */ = {isa = PBXFileReference; lastKnownFileType = sourcecode.swift; path = SearchFieldView.swift; sourceTree = "<group>"; };
		0D15F87B2949A0850081AD4A /* TutorialViewModel.swift */ = {isa = PBXFileReference; lastKnownFileType = sourcecode.swift; path = TutorialViewModel.swift; sourceTree = "<group>"; };
		0D20142729001440008C2C90 /* TutorialViewController.swift */ = {isa = PBXFileReference; lastKnownFileType = sourcecode.swift; path = TutorialViewController.swift; sourceTree = "<group>"; };
		0D201429290015A8008C2C90 /* TutorialPageContentViewController.swift */ = {isa = PBXFileReference; lastKnownFileType = sourcecode.swift; path = TutorialPageContentViewController.swift; sourceTree = "<group>"; };
		0D20142B290017B7008C2C90 /* AttributedString+markdown.swift */ = {isa = PBXFileReference; lastKnownFileType = sourcecode.swift; path = "AttributedString+markdown.swift"; sourceTree = "<group>"; };
		0D20143029005AC9008C2C90 /* TutorialContentModel.swift */ = {isa = PBXFileReference; lastKnownFileType = sourcecode.swift; path = TutorialContentModel.swift; sourceTree = "<group>"; };
		0D2014362903F4B5008C2C90 /* ProfileEditViewController.swift */ = {isa = PBXFileReference; lastKnownFileType = sourcecode.swift; path = ProfileEditViewController.swift; sourceTree = "<group>"; };
		0D2014382903FB3B008C2C90 /* DogAvatarCollectionViewCell.swift */ = {isa = PBXFileReference; lastKnownFileType = sourcecode.swift; path = DogAvatarCollectionViewCell.swift; sourceTree = "<group>"; };
		0D20143A290402EC008C2C90 /* SnapCenterLayout.swift */ = {isa = PBXFileReference; fileEncoding = 4; lastKnownFileType = sourcecode.swift; path = SnapCenterLayout.swift; sourceTree = "<group>"; };
		0D2016CB28E8962D003E673E /* Montserrat-Regular.ttf */ = {isa = PBXFileReference; lastKnownFileType = file; path = "Montserrat-Regular.ttf"; sourceTree = "<group>"; };
		0D2016CC28E89636003E673E /* Montserrat-Medium.ttf */ = {isa = PBXFileReference; lastKnownFileType = file; path = "Montserrat-Medium.ttf"; sourceTree = "<group>"; };
		0D2016CD28E8963F003E673E /* Montserrat-SemiBold.ttf */ = {isa = PBXFileReference; lastKnownFileType = file; path = "Montserrat-SemiBold.ttf"; sourceTree = "<group>"; };
		0D2016D228E89789003E673E /* UIFont+customFont.swift */ = {isa = PBXFileReference; lastKnownFileType = sourcecode.swift; path = "UIFont+customFont.swift"; sourceTree = "<group>"; };
		0D227BCA28F9D7180026CDAA /* DefaultAlertViewController.swift */ = {isa = PBXFileReference; lastKnownFileType = sourcecode.swift; path = DefaultAlertViewController.swift; sourceTree = "<group>"; };
		0D3C520728F4A17000F91D0C /* UIColor+assets.swift */ = {isa = PBXFileReference; lastKnownFileType = sourcecode.swift; path = "UIColor+assets.swift"; sourceTree = "<group>"; };
		0D3C520928F4A17900F91D0C /* UIImage+assets.swift */ = {isa = PBXFileReference; lastKnownFileType = sourcecode.swift; path = "UIImage+assets.swift"; sourceTree = "<group>"; };
		0D3C520D28F4A88500F91D0C /* DefaultTextField.swift */ = {isa = PBXFileReference; lastKnownFileType = sourcecode.swift; path = DefaultTextField.swift; sourceTree = "<group>"; };
		0D3C520F28F4AF9100F91D0C /* LabelButton.swift */ = {isa = PBXFileReference; lastKnownFileType = sourcecode.swift; path = LabelButton.swift; sourceTree = "<group>"; };
		0D3C521128F4B42D00F91D0C /* Label.swift */ = {isa = PBXFileReference; lastKnownFileType = sourcecode.swift; path = Label.swift; sourceTree = "<group>"; };
		0D3C521328F56DEB00F91D0C /* DefaultButton.swift */ = {isa = PBXFileReference; lastKnownFileType = sourcecode.swift; path = DefaultButton.swift; sourceTree = "<group>"; };
		0D3C521528F57C1200F91D0C /* PasswordTextField.swift */ = {isa = PBXFileReference; lastKnownFileType = sourcecode.swift; path = PasswordTextField.swift; sourceTree = "<group>"; };
		0D3C521728F582CF00F91D0C /* UIViewController+hideKeyboard.swift */ = {isa = PBXFileReference; lastKnownFileType = sourcecode.swift; path = "UIViewController+hideKeyboard.swift"; sourceTree = "<group>"; };
		0D3C521928F5836500F91D0C /* AppRootViewController.swift */ = {isa = PBXFileReference; lastKnownFileType = sourcecode.swift; path = AppRootViewController.swift; sourceTree = "<group>"; };
		0D3C521C28F585A900F91D0C /* TextFieldNextable.swift */ = {isa = PBXFileReference; lastKnownFileType = sourcecode.swift; path = TextFieldNextable.swift; sourceTree = "<group>"; };
		0D3C521E28F58C2000F91D0C /* UIView+parentVC.swift */ = {isa = PBXFileReference; lastKnownFileType = sourcecode.swift; path = "UIView+parentVC.swift"; sourceTree = "<group>"; };
		0D495BB2294C9DFC0052187F /* UITableViewCell+identifier.swift */ = {isa = PBXFileReference; lastKnownFileType = sourcecode.swift; path = "UITableViewCell+identifier.swift"; sourceTree = "<group>"; };
		0D50E5CC28E8593C006DB37A /* АйДа Гулять.app */ = {isa = PBXFileReference; explicitFileType = wrapper.application; includeInIndex = 0; path = "АйДа Гулять.app"; sourceTree = BUILT_PRODUCTS_DIR; };
		0D50E5CF28E8593C006DB37A /* AppDelegate.swift */ = {isa = PBXFileReference; lastKnownFileType = sourcecode.swift; path = AppDelegate.swift; sourceTree = "<group>"; };
		0D50E5D328E8593C006DB37A /* AuthViewController.swift */ = {isa = PBXFileReference; lastKnownFileType = sourcecode.swift; path = AuthViewController.swift; sourceTree = "<group>"; };
		0D50E5D828E8593D006DB37A /* Assets.xcassets */ = {isa = PBXFileReference; lastKnownFileType = folder.assetcatalog; path = Assets.xcassets; sourceTree = "<group>"; };
		0D50E5DB28E8593D006DB37A /* Base */ = {isa = PBXFileReference; lastKnownFileType = file.storyboard; name = Base; path = Base.lproj/LaunchScreen.storyboard; sourceTree = "<group>"; };
		0D50E5DD28E8593D006DB37A /* Info.plist */ = {isa = PBXFileReference; lastKnownFileType = text.plist.xml; path = Info.plist; sourceTree = "<group>"; };
		0D5BD10528F5CA1700DD1496 /* ScalableImageView.swift */ = {isa = PBXFileReference; lastKnownFileType = sourcecode.swift; path = ScalableImageView.swift; sourceTree = "<group>"; };
		0D5E66CA28F09D770094C949 /* SplashAnimator.swift */ = {isa = PBXFileReference; fileEncoding = 4; lastKnownFileType = sourcecode.swift; path = SplashAnimator.swift; sourceTree = "<group>"; };
		0D5E66CB28F09D770094C949 /* SplashViewController.swift */ = {isa = PBXFileReference; fileEncoding = 4; lastKnownFileType = sourcecode.swift; path = SplashViewController.swift; sourceTree = "<group>"; };
		0D5E66CC28F09D770094C949 /* SplashPresenter.swift */ = {isa = PBXFileReference; fileEncoding = 4; lastKnownFileType = sourcecode.swift; path = SplashPresenter.swift; sourceTree = "<group>"; };
		0D6C0D23290EC22900BF4A14 /* InvisibleZoneConfigurateViewController.swift */ = {isa = PBXFileReference; lastKnownFileType = sourcecode.swift; path = InvisibleZoneConfigurateViewController.swift; sourceTree = "<group>"; };
		0D7113D329066FF6005AB9F9 /* Utils.swift */ = {isa = PBXFileReference; lastKnownFileType = sourcecode.swift; path = Utils.swift; sourceTree = "<group>"; };
		0D7113D529067616005AB9F9 /* AuthViewModel.swift */ = {isa = PBXFileReference; lastKnownFileType = sourcecode.swift; path = AuthViewModel.swift; sourceTree = "<group>"; };
		0D7113E02906A918005AB9F9 /* AgreementViewController.swift */ = {isa = PBXFileReference; lastKnownFileType = sourcecode.swift; path = AgreementViewController.swift; sourceTree = "<group>"; };
		0D7113E72906F2D5005AB9F9 /* TestVCViewController.swift */ = {isa = PBXFileReference; lastKnownFileType = sourcecode.swift; path = TestVCViewController.swift; sourceTree = "<group>"; };
		0D7113E92906FC8C005AB9F9 /* PersonEditViewController.swift */ = {isa = PBXFileReference; lastKnownFileType = sourcecode.swift; path = PersonEditViewController.swift; sourceTree = "<group>"; };
		0D7C5131294E77D2007D0D3C /* NotificationNamesExtension.swift */ = {isa = PBXFileReference; lastKnownFileType = sourcecode.swift; path = NotificationNamesExtension.swift; sourceTree = "<group>"; };
		0D7C5133294E8103007D0D3C /* ProfileEditViewModel.swift */ = {isa = PBXFileReference; lastKnownFileType = sourcecode.swift; path = ProfileEditViewModel.swift; sourceTree = "<group>"; };
		0D7C5136294E8D22007D0D3C /* ListSearchViewControllerMany.swift */ = {isa = PBXFileReference; lastKnownFileType = sourcecode.swift; path = ListSearchViewControllerMany.swift; sourceTree = "<group>"; };
		0D7C513B294E9C4E007D0D3C /* InternalTextView.swift */ = {isa = PBXFileReference; fileEncoding = 4; lastKnownFileType = sourcecode.swift; path = InternalTextView.swift; sourceTree = "<group>"; };
		0D7C513C294E9C4E007D0D3C /* NextGrowingTextView.swift */ = {isa = PBXFileReference; fileEncoding = 4; lastKnownFileType = sourcecode.swift; path = NextGrowingTextView.swift; sourceTree = "<group>"; };
		0D7C513D294E9C4E007D0D3C /* SizingContainerView.swift */ = {isa = PBXFileReference; fileEncoding = 4; lastKnownFileType = sourcecode.swift; path = SizingContainerView.swift; sourceTree = "<group>"; };
		0D7C5142294EA3C7007D0D3C /* UIView+firstResponderGet.swift */ = {isa = PBXFileReference; lastKnownFileType = sourcecode.swift; path = "UIView+firstResponderGet.swift"; sourceTree = "<group>"; };
		0D7C5146294F7B0A007D0D3C /* MyProfileQuery.graphql.swift */ = {isa = PBXFileReference; fileEncoding = 4; lastKnownFileType = sourcecode.swift; name = MyProfileQuery.graphql.swift; path = ApolloCodegen/MyProfileQuery.graphql.swift; sourceTree = SOURCE_ROOT; };
		0D7C5148294F7B1A007D0D3C /* StaticDangerQuery.graphql.swift */ = {isa = PBXFileReference; fileEncoding = 4; lastKnownFileType = sourcecode.swift; name = StaticDangerQuery.graphql.swift; path = ApolloCodegen/StaticDangerQuery.graphql.swift; sourceTree = SOURCE_ROOT; };
		0D7C5149294F7B1A007D0D3C /* StaticHobbyQuery.graphql.swift */ = {isa = PBXFileReference; fileEncoding = 4; lastKnownFileType = sourcecode.swift; name = StaticHobbyQuery.graphql.swift; path = ApolloCodegen/StaticHobbyQuery.graphql.swift; sourceTree = SOURCE_ROOT; };
		0D7C514A294F7B1A007D0D3C /* SendResetMutation.graphql.swift */ = {isa = PBXFileReference; fileEncoding = 4; lastKnownFileType = sourcecode.swift; name = SendResetMutation.graphql.swift; path = ApolloCodegen/SendResetMutation.graphql.swift; sourceTree = SOURCE_ROOT; };
		0D7C514B294F7B1A007D0D3C /* RefreshTokenMutation.graphql.swift */ = {isa = PBXFileReference; fileEncoding = 4; lastKnownFileType = sourcecode.swift; name = RefreshTokenMutation.graphql.swift; path = ApolloCodegen/RefreshTokenMutation.graphql.swift; sourceTree = SOURCE_ROOT; };
		0D7C514C294F7B1A007D0D3C /* ResetPasswordMutation.graphql.swift */ = {isa = PBXFileReference; fileEncoding = 4; lastKnownFileType = sourcecode.swift; name = ResetPasswordMutation.graphql.swift; path = ApolloCodegen/ResetPasswordMutation.graphql.swift; sourceTree = SOURCE_ROOT; };
		0D7C514D294F7B1A007D0D3C /* LoginUserMutation.graphql.swift */ = {isa = PBXFileReference; fileEncoding = 4; lastKnownFileType = sourcecode.swift; name = LoginUserMutation.graphql.swift; path = ApolloCodegen/LoginUserMutation.graphql.swift; sourceTree = SOURCE_ROOT; };
		0D7C514E294F7B1A007D0D3C /* StaticSpecialQuery.graphql.swift */ = {isa = PBXFileReference; fileEncoding = 4; lastKnownFileType = sourcecode.swift; name = StaticSpecialQuery.graphql.swift; path = ApolloCodegen/StaticSpecialQuery.graphql.swift; sourceTree = SOURCE_ROOT; };
		0D7C514F294F7B1A007D0D3C /* StaticFeaturesQuery.graphql.swift */ = {isa = PBXFileReference; fileEncoding = 4; lastKnownFileType = sourcecode.swift; name = StaticFeaturesQuery.graphql.swift; path = ApolloCodegen/StaticFeaturesQuery.graphql.swift; sourceTree = SOURCE_ROOT; };
		0D7C5150294F7B1A007D0D3C /* StaticReasonQuery.graphql.swift */ = {isa = PBXFileReference; fileEncoding = 4; lastKnownFileType = sourcecode.swift; name = StaticReasonQuery.graphql.swift; path = ApolloCodegen/StaticReasonQuery.graphql.swift; sourceTree = SOURCE_ROOT; };
		0D7C5151294F7B1A007D0D3C /* SendCodeMutation.graphql.swift */ = {isa = PBXFileReference; fileEncoding = 4; lastKnownFileType = sourcecode.swift; name = SendCodeMutation.graphql.swift; path = ApolloCodegen/SendCodeMutation.graphql.swift; sourceTree = SOURCE_ROOT; };
		0D7C5152294F7B1A007D0D3C /* CreateUserMutation.graphql.swift */ = {isa = PBXFileReference; fileEncoding = 4; lastKnownFileType = sourcecode.swift; name = CreateUserMutation.graphql.swift; path = ApolloCodegen/CreateUserMutation.graphql.swift; sourceTree = SOURCE_ROOT; };
		0D7C5153294F7B1A007D0D3C /* ValidateCodeMutation.graphql.swift */ = {isa = PBXFileReference; fileEncoding = 4; lastKnownFileType = sourcecode.swift; name = ValidateCodeMutation.graphql.swift; path = ApolloCodegen/ValidateCodeMutation.graphql.swift; sourceTree = SOURCE_ROOT; };
		0D7C5154294F7B1A007D0D3C /* StaticBreedQuery.graphql.swift */ = {isa = PBXFileReference; fileEncoding = 4; lastKnownFileType = sourcecode.swift; name = StaticBreedQuery.graphql.swift; path = ApolloCodegen/StaticBreedQuery.graphql.swift; sourceTree = SOURCE_ROOT; };
		0D7C5155294F7B1A007D0D3C /* UpdatePasswordMutation.graphql.swift */ = {isa = PBXFileReference; fileEncoding = 4; lastKnownFileType = sourcecode.swift; name = UpdatePasswordMutation.graphql.swift; path = ApolloCodegen/UpdatePasswordMutation.graphql.swift; sourceTree = SOURCE_ROOT; };
		0D7C5156294F7B1A007D0D3C /* StaticColorQuery.graphql.swift */ = {isa = PBXFileReference; fileEncoding = 4; lastKnownFileType = sourcecode.swift; name = StaticColorQuery.graphql.swift; path = ApolloCodegen/StaticColorQuery.graphql.swift; sourceTree = SOURCE_ROOT; };
		0D7C5167294F7BC3007D0D3C /* aidaSPM */ = {isa = PBXFileReference; lastKnownFileType = wrapper; name = aidaSPM; path = ApolloCodegen/aidaSPM; sourceTree = "<group>"; };
		0D7C516829507A42007D0D3C /* APIService+Auth.swift */ = {isa = PBXFileReference; lastKnownFileType = sourcecode.swift; path = "APIService+Auth.swift"; sourceTree = "<group>"; };
		0D7C516D29508365007D0D3C /* StaticItemsModel.swift */ = {isa = PBXFileReference; lastKnownFileType = sourcecode.swift; path = StaticItemsModel.swift; sourceTree = "<group>"; };
		0D81D0AE28F83D2A00AB33D3 /* RecoverPasswordEmailViewController.swift */ = {isa = PBXFileReference; lastKnownFileType = sourcecode.swift; path = RecoverPasswordEmailViewController.swift; sourceTree = "<group>"; };
		0D81D0B028F840B600AB33D3 /* EmailCodeViewController.swift */ = {isa = PBXFileReference; lastKnownFileType = sourcecode.swift; path = EmailCodeViewController.swift; sourceTree = "<group>"; };
		0D81D0B228F8734000AB33D3 /* NewPasswordViewController.swift */ = {isa = PBXFileReference; lastKnownFileType = sourcecode.swift; path = NewPasswordViewController.swift; sourceTree = "<group>"; };
		0D81D0B428F883F000AB33D3 /* RegistrationViewController.swift */ = {isa = PBXFileReference; lastKnownFileType = sourcecode.swift; path = RegistrationViewController.swift; sourceTree = "<group>"; };
		0DD0AAED291535CF00E44F80 /* PersonTableViewCell.swift */ = {isa = PBXFileReference; lastKnownFileType = sourcecode.swift; path = PersonTableViewCell.swift; sourceTree = "<group>"; };
		0DD0AAEF291546D000E44F80 /* BirthDateTableViewCell.swift */ = {isa = PBXFileReference; lastKnownFileType = sourcecode.swift; path = BirthDateTableViewCell.swift; sourceTree = "<group>"; };
		0DD0AAF5291599C700E44F80 /* TagsTableViewCell.swift */ = {isa = PBXFileReference; lastKnownFileType = sourcecode.swift; path = TagsTableViewCell.swift; sourceTree = "<group>"; };
		0DD0AB1729165F7900E44F80 /* CloseButton.swift */ = {isa = PBXFileReference; fileEncoding = 4; lastKnownFileType = sourcecode.swift; path = CloseButton.swift; sourceTree = "<group>"; };
		0DD0AB1829165F7900E44F80 /* TagListView.swift */ = {isa = PBXFileReference; fileEncoding = 4; lastKnownFileType = sourcecode.swift; path = TagListView.swift; sourceTree = "<group>"; };
		0DD0AB1929165F7A00E44F80 /* TagView.swift */ = {isa = PBXFileReference; fileEncoding = 4; lastKnownFileType = sourcecode.swift; path = TagView.swift; sourceTree = "<group>"; };
		0DD2488F290BDF5E00311427 /* ListSearchViewController.swift */ = {isa = PBXFileReference; lastKnownFileType = sourcecode.swift; path = ListSearchViewController.swift; sourceTree = "<group>"; };
		0DD24891290BEB5F00311427 /* DefaultNavigationViewController.swift */ = {isa = PBXFileReference; lastKnownFileType = sourcecode.swift; path = DefaultNavigationViewController.swift; sourceTree = "<group>"; };
		0DD24893290BEB7C00311427 /* UIViewController+embedInNavigation.swift */ = {isa = PBXFileReference; lastKnownFileType = sourcecode.swift; path = "UIViewController+embedInNavigation.swift"; sourceTree = "<group>"; };
		0DD24895290C1AFE00311427 /* ListTableViewCell.swift */ = {isa = PBXFileReference; lastKnownFileType = sourcecode.swift; path = ListTableViewCell.swift; sourceTree = "<group>"; };
		0DD24897290D57E800311427 /* DefaultPicker.swift */ = {isa = PBXFileReference; lastKnownFileType = sourcecode.swift; path = DefaultPicker.swift; sourceTree = "<group>"; };
		0DD24899290D758200311427 /* DefaultSegmentedPicker.swift */ = {isa = PBXFileReference; lastKnownFileType = sourcecode.swift; path = DefaultSegmentedPicker.swift; sourceTree = "<group>"; };
		0DD2489B290D7B9500311427 /* DefaultDatePicker.swift */ = {isa = PBXFileReference; lastKnownFileType = sourcecode.swift; path = DefaultDatePicker.swift; sourceTree = "<group>"; };
		0DDE7F06292FBFF5006CEE22 /* APIService.swift */ = {isa = PBXFileReference; lastKnownFileType = sourcecode.swift; path = APIService.swift; sourceTree = "<group>"; };
		0DDE7F0B2933C98D006CEE22 /* BaseError.swift */ = {isa = PBXFileReference; lastKnownFileType = sourcecode.swift; path = BaseError.swift; sourceTree = "<group>"; };
		0DDE7F112933D649006CEE22 /* MyProfileViewModel.swift */ = {isa = PBXFileReference; lastKnownFileType = sourcecode.swift; path = MyProfileViewModel.swift; sourceTree = "<group>"; };
		0DDE7F132933DB00006CEE22 /* MyProfileViewController.swift */ = {isa = PBXFileReference; lastKnownFileType = sourcecode.swift; path = MyProfileViewController.swift; sourceTree = "<group>"; };
		0DDE7F172933E6C1006CEE22 /* Coordinator.swift */ = {isa = PBXFileReference; lastKnownFileType = sourcecode.swift; path = Coordinator.swift; sourceTree = "<group>"; };
		0DDE7F192933E9FF006CEE22 /* Coordinatable.swift */ = {isa = PBXFileReference; lastKnownFileType = sourcecode.swift; path = Coordinatable.swift; sourceTree = "<group>"; };
		0DDE7F2A29341EA5006CEE22 /* TokenInterceptor.swift */ = {isa = PBXFileReference; lastKnownFileType = sourcecode.swift; path = TokenInterceptor.swift; sourceTree = "<group>"; };
		0DE2D02B2910064800CA1F91 /* SearchFieldMapView.swift */ = {isa = PBXFileReference; lastKnownFileType = sourcecode.swift; path = SearchFieldMapView.swift; sourceTree = "<group>"; };
		0DEC9CEF2912AC89001A8CDA /* ProfileSmallViewController.swift */ = {isa = PBXFileReference; lastKnownFileType = sourcecode.swift; path = ProfileSmallViewController.swift; sourceTree = "<group>"; };
		0DEC9CF12912B46F001A8CDA /* ProfileBigViewController.swift */ = {isa = PBXFileReference; lastKnownFileType = sourcecode.swift; path = ProfileBigViewController.swift; sourceTree = "<group>"; };
		0DF25AC829168A6F00A279A0 /* DescriptionTableViewCell.swift */ = {isa = PBXFileReference; lastKnownFileType = sourcecode.swift; path = DescriptionTableViewCell.swift; sourceTree = "<group>"; };
		0DF25ACA29169C4500A279A0 /* ContactsTableViewCell.swift */ = {isa = PBXFileReference; lastKnownFileType = sourcecode.swift; path = ContactsTableViewCell.swift; sourceTree = "<group>"; };
		0DF25ACC2916C4ED00A279A0 /* DogProfileTableViewCell.swift */ = {isa = PBXFileReference; lastKnownFileType = sourcecode.swift; path = DogProfileTableViewCell.swift; sourceTree = "<group>"; };
		0DF25ACE2916CA9900A279A0 /* DogProfileSpecsTableViewCell.swift */ = {isa = PBXFileReference; lastKnownFileType = sourcecode.swift; path = DogProfileSpecsTableViewCell.swift; sourceTree = "<group>"; };
		0DF25AD02916CB8D00A279A0 /* DogProfileFeaturesTableViewCell.swift */ = {isa = PBXFileReference; lastKnownFileType = sourcecode.swift; path = DogProfileFeaturesTableViewCell.swift; sourceTree = "<group>"; };
		0DF25AD22916CC1A00A279A0 /* DogProfileDescriptionTableViewCell.swift */ = {isa = PBXFileReference; lastKnownFileType = sourcecode.swift; path = DogProfileDescriptionTableViewCell.swift; sourceTree = "<group>"; };
		0DF25AD429179D6D00A279A0 /* DogProfileCollectionViewCell.swift */ = {isa = PBXFileReference; lastKnownFileType = sourcecode.swift; path = DogProfileCollectionViewCell.swift; sourceTree = "<group>"; };
		0DF25AD62917BB1C00A279A0 /* MapButton.swift */ = {isa = PBXFileReference; lastKnownFileType = sourcecode.swift; path = MapButton.swift; sourceTree = "<group>"; };
		0DF25ADA2917FB6800A279A0 /* ResultTableViewCell.swift */ = {isa = PBXFileReference; lastKnownFileType = sourcecode.swift; path = ResultTableViewCell.swift; sourceTree = "<group>"; };
/* End PBXFileReference section */

/* Begin PBXFrameworksBuildPhase section */
		0D50E5C928E8593C006DB37A /* Frameworks */ = {
			isa = PBXFrameworksBuildPhase;
			buildActionMask = 2147483647;
			files = (
				0D50E5E528E85A9C006DB37A /* SnapKit in Frameworks */,
				0DB4D9CD292FACA40098307C /* ApolloWebSocket in Frameworks */,
				0D20142F290017FF008C2C90 /* MarkdownKit in Frameworks */,
				0D50E5EE28E85CEE006DB37A /* Then in Frameworks */,
				0D50E5E828E85ABC006DB37A /* Alamofire in Frameworks */,
				0D7113ED29070663005AB9F9 /* ShowTime in Frameworks */,
				0DB4D9CB292FACA40098307C /* Apollo in Frameworks */,
				0D7113DB29067E94005AB9F9 /* CombineCocoa in Frameworks */,
				0D5E66D228F0BB220094C949 /* Lottie in Frameworks */,
				0DEC9CEE2912AB91001A8CDA /* Hero in Frameworks */,
				0D7113DF2906A62E005AB9F9 /* ActiveLabel in Frameworks */,
				0DDE7F0A2931392E006CEE22 /* ApolloCombine in Frameworks */,
				0DDE7F00292FB4B5006CEE22 /* Aida in Frameworks */,
			);
			runOnlyForDeploymentPostprocessing = 0;
		};
/* End PBXFrameworksBuildPhase section */

/* Begin PBXGroup section */
		0D15F8752948D3720081AD4A /* MyProfile */ = {
			isa = PBXGroup;
			children = (
				0D7C5146294F7B0A007D0D3C /* MyProfileQuery.graphql.swift */,
			);
			name = MyProfile;
			sourceTree = "<group>";
		};
		0D15F87A2948F57C0081AD4A /* Auth */ = {
			isa = PBXGroup;
			children = (
				0D50E5D328E8593C006DB37A /* AuthViewController.swift */,
				0D81D0AE28F83D2A00AB33D3 /* RecoverPasswordEmailViewController.swift */,
				0D81D0B028F840B600AB33D3 /* EmailCodeViewController.swift */,
				0D81D0B228F8734000AB33D3 /* NewPasswordViewController.swift */,
				0D81D0B428F883F000AB33D3 /* RegistrationViewController.swift */,
			);
			path = Auth;
			sourceTree = "<group>";
		};
		0D15F87D2949A0FD0081AD4A /* Tutorial */ = {
			isa = PBXGroup;
			children = (
				0D20142729001440008C2C90 /* TutorialViewController.swift */,
				0D201429290015A8008C2C90 /* TutorialPageContentViewController.swift */,
			);
			path = Tutorial;
			sourceTree = "<group>";
		};
		0D20143229005AD3008C2C90 /* Models */ = {
			isa = PBXGroup;
			children = (
				0D20143029005AC9008C2C90 /* TutorialContentModel.swift */,
			);
			path = Models;
			sourceTree = "<group>";
		};
		0D2016CE28E89645003E673E /* Resources */ = {
			isa = PBXGroup;
			children = (
				0D2016CD28E8963F003E673E /* Montserrat-SemiBold.ttf */,
				0D2016CC28E89636003E673E /* Montserrat-Medium.ttf */,
				0D2016CB28E8962D003E673E /* Montserrat-Regular.ttf */,
				0D50E5DA28E8593D006DB37A /* LaunchScreen.storyboard */,
				0D50E5D828E8593D006DB37A /* Assets.xcassets */,
			);
			path = Resources;
			sourceTree = "<group>";
		};
		0D3C520B28F4A50D00F91D0C /* Extensions */ = {
			isa = PBXGroup;
			children = (
				0D2016D228E89789003E673E /* UIFont+customFont.swift */,
				0D3C520728F4A17000F91D0C /* UIColor+assets.swift */,
				0D3C520928F4A17900F91D0C /* UIImage+assets.swift */,
				0D3C521728F582CF00F91D0C /* UIViewController+hideKeyboard.swift */,
				0D3C521E28F58C2000F91D0C /* UIView+parentVC.swift */,
				0D7C5142294EA3C7007D0D3C /* UIView+firstResponderGet.swift */,
				0D7C5131294E77D2007D0D3C /* NotificationNamesExtension.swift */,
				0D20142B290017B7008C2C90 /* AttributedString+markdown.swift */,
				0DD24893290BEB7C00311427 /* UIViewController+embedInNavigation.swift */,
				0D15F86F2947DF3F0081AD4A /* UIWindow+topVC.swift */,
				0D495BB2294C9DFC0052187F /* UITableViewCell+identifier.swift */,
			);
			path = Extensions;
			sourceTree = "<group>";
		};
		0D3C520C28F4A52E00F91D0C /* AppRoot */ = {
			isa = PBXGroup;
			children = (
				0D50E5DD28E8593D006DB37A /* Info.plist */,
				0D50E5CF28E8593C006DB37A /* AppDelegate.swift */,
				0DDE7F172933E6C1006CEE22 /* Coordinator.swift */,
				0D3C521928F5836500F91D0C /* AppRootViewController.swift */,
				0D3C521C28F585A900F91D0C /* TextFieldNextable.swift */,
				0D0B12FF293CF1A2003D5751 /* ActivityIndicator.swift */,
				0D0B1301293CF64D003D5751 /* ErrorIndicator.swift */,
				0DDE7F192933E9FF006CEE22 /* Coordinatable.swift */,
			);
			path = AppRoot;
			sourceTree = "<group>";
		};
		0D3C521B28F5852500F91D0C /* ViewControllers */ = {
			isa = PBXGroup;
			children = (
				0D15F87D2949A0FD0081AD4A /* Tutorial */,
				0D15F87A2948F57C0081AD4A /* Auth */,
				0D7C5135294E83A3007D0D3C /* ProfileEdit */,
				0D7113E02906A918005AB9F9 /* AgreementViewController.swift */,
				0D227BCA28F9D7180026CDAA /* DefaultAlertViewController.swift */,
				0D7113E72906F2D5005AB9F9 /* TestVCViewController.swift */,
				0DD24891290BEB5F00311427 /* DefaultNavigationViewController.swift */,
				0D13FD6929058C2400A86E62 /* MapViewController.swift */,
				0D6C0D23290EC22900BF4A14 /* InvisibleZoneConfigurateViewController.swift */,
				0DEC9CEF2912AC89001A8CDA /* ProfileSmallViewController.swift */,
				0DEC9CF12912B46F001A8CDA /* ProfileBigViewController.swift */,
				0DDE7F132933DB00006CEE22 /* MyProfileViewController.swift */,
				0D7C516F29508EB3007D0D3C /* Pickers */,
			);
			path = ViewControllers;
			sourceTree = "<group>";
		};
		0D495BB1294C95720052187F /* Cells */ = {
			isa = PBXGroup;
			children = (
				0D2014382903FB3B008C2C90 /* DogAvatarCollectionViewCell.swift */,
				0DD24895290C1AFE00311427 /* ListTableViewCell.swift */,
				0DD0AAED291535CF00E44F80 /* PersonTableViewCell.swift */,
				0DD0AAEF291546D000E44F80 /* BirthDateTableViewCell.swift */,
				0DD0AAF5291599C700E44F80 /* TagsTableViewCell.swift */,
				0DF25AC829168A6F00A279A0 /* DescriptionTableViewCell.swift */,
				0DF25ACA29169C4500A279A0 /* ContactsTableViewCell.swift */,
				0DF25ACC2916C4ED00A279A0 /* DogProfileTableViewCell.swift */,
				0DF25ACE2916CA9900A279A0 /* DogProfileSpecsTableViewCell.swift */,
				0DF25AD02916CB8D00A279A0 /* DogProfileFeaturesTableViewCell.swift */,
				0DF25AD22916CC1A00A279A0 /* DogProfileDescriptionTableViewCell.swift */,
				0DF25AD429179D6D00A279A0 /* DogProfileCollectionViewCell.swift */,
				0DF25ADA2917FB6800A279A0 /* ResultTableViewCell.swift */,
			);
			path = Cells;
			sourceTree = "<group>";
		};
		0D50E5C328E8593C006DB37A = {
			isa = PBXGroup;
			children = (
				0DDE7EFA292FB3F0006CEE22 /* Packages */,
				0D50E5CE28E8593C006DB37A /* АйДа Гулять */,
				0D50E5CD28E8593C006DB37A /* Products */,
				0DDE7EFE292FB4B5006CEE22 /* Frameworks */,
			);
			sourceTree = "<group>";
		};
		0D50E5CD28E8593C006DB37A /* Products */ = {
			isa = PBXGroup;
			children = (
				0D50E5CC28E8593C006DB37A /* АйДа Гулять.app */,
			);
			name = Products;
			sourceTree = "<group>";
		};
		0D50E5CE28E8593C006DB37A /* АйДа Гулять */ = {
			isa = PBXGroup;
			children = (
				0DDE7F05292FBFE3006CEE22 /* Services */,
				0D7113D229066FEB005AB9F9 /* Utils */,
				0D5E66C928F09D770094C949 /* SplashScreen */,
				0D3C520C28F4A52E00F91D0C /* AppRoot */,
				0D20143229005AD3008C2C90 /* Models */,
				0D7113DC290686D5005AB9F9 /* ViewModels */,
				0D3C521B28F5852500F91D0C /* ViewControllers */,
				0D50E5EB28E85B9D006DB37A /* Views */,
				0D3C520B28F4A50D00F91D0C /* Extensions */,
				0D2016CE28E89645003E673E /* Resources */,
			);
			path = "АйДа Гулять";
			sourceTree = "<group>";
		};
		0D50E5EB28E85B9D006DB37A /* Views */ = {
			isa = PBXGroup;
			children = (
				0D7C5141294E9C54007D0D3C /* GrowingTextView */,
				0D495BB1294C95720052187F /* Cells */,
				0DE2D02B2910064800CA1F91 /* SearchFieldMapView.swift */,
				0D15F8712947F2DD0081AD4A /* SearchFieldView.swift */,
				0D3C520D28F4A88500F91D0C /* DefaultTextField.swift */,
				0DD24897290D57E800311427 /* DefaultPicker.swift */,
				0DD24899290D758200311427 /* DefaultSegmentedPicker.swift */,
				0DD2489B290D7B9500311427 /* DefaultDatePicker.swift */,
				0D3C521528F57C1200F91D0C /* PasswordTextField.swift */,
				0D3C520F28F4AF9100F91D0C /* LabelButton.swift */,
				0D3C521128F4B42D00F91D0C /* Label.swift */,
				0D3C521328F56DEB00F91D0C /* DefaultButton.swift */,
				0DF25AD62917BB1C00A279A0 /* MapButton.swift */,
				0D5BD10528F5CA1700DD1496 /* ScalableImageView.swift */,
			);
			path = Views;
			sourceTree = "<group>";
		};
		0D5E66C928F09D770094C949 /* SplashScreen */ = {
			isa = PBXGroup;
			children = (
				0D5E66CA28F09D770094C949 /* SplashAnimator.swift */,
				0D5E66CB28F09D770094C949 /* SplashViewController.swift */,
				0D5E66CC28F09D770094C949 /* SplashPresenter.swift */,
			);
			path = SplashScreen;
			sourceTree = "<group>";
		};
		0D7113D229066FEB005AB9F9 /* Utils */ = {
			isa = PBXGroup;
			children = (
				0DD0AB062915A7A700E44F80 /* TagView */,
				0D20143A290402EC008C2C90 /* SnapCenterLayout.swift */,
				0D7113D329066FF6005AB9F9 /* Utils.swift */,
			);
			path = Utils;
			sourceTree = "<group>";
		};
		0D7113DC290686D5005AB9F9 /* ViewModels */ = {
			isa = PBXGroup;
			children = (
				0D7113D529067616005AB9F9 /* AuthViewModel.swift */,
				0D15F87B2949A0850081AD4A /* TutorialViewModel.swift */,
				0DDE7F112933D649006CEE22 /* MyProfileViewModel.swift */,
				0D7C5133294E8103007D0D3C /* ProfileEditViewModel.swift */,
				0D7C516D29508365007D0D3C /* StaticItemsModel.swift */,
			);
			path = ViewModels;
			sourceTree = "<group>";
		};
		0D7C5135294E83A3007D0D3C /* ProfileEdit */ = {
			isa = PBXGroup;
			children = (
				0D2014362903F4B5008C2C90 /* ProfileEditViewController.swift */,
				0D7113E92906FC8C005AB9F9 /* PersonEditViewController.swift */,
				0D13FD6B2905A52600A86E62 /* DogProfileViewController.swift */,
			);
			path = ProfileEdit;
			sourceTree = "<group>";
		};
		0D7C5141294E9C54007D0D3C /* GrowingTextView */ = {
			isa = PBXGroup;
			children = (
				0D7C513B294E9C4E007D0D3C /* InternalTextView.swift */,
				0D7C513C294E9C4E007D0D3C /* NextGrowingTextView.swift */,
				0D7C513D294E9C4E007D0D3C /* SizingContainerView.swift */,
			);
			path = GrowingTextView;
			sourceTree = "<group>";
		};
		0D7C5166294F7B2E007D0D3C /* Static */ = {
			isa = PBXGroup;
			children = (
				0D7C5154294F7B1A007D0D3C /* StaticBreedQuery.graphql.swift */,
				0D7C5156294F7B1A007D0D3C /* StaticColorQuery.graphql.swift */,
				0D7C5148294F7B1A007D0D3C /* StaticDangerQuery.graphql.swift */,
				0D7C514F294F7B1A007D0D3C /* StaticFeaturesQuery.graphql.swift */,
				0D7C5149294F7B1A007D0D3C /* StaticHobbyQuery.graphql.swift */,
				0D7C5150294F7B1A007D0D3C /* StaticReasonQuery.graphql.swift */,
				0D7C514E294F7B1A007D0D3C /* StaticSpecialQuery.graphql.swift */,
			);
			name = Static;
			sourceTree = "<group>";
		};
		0D7C516F29508EB3007D0D3C /* Pickers */ = {
			isa = PBXGroup;
			children = (
				0DD2488F290BDF5E00311427 /* ListSearchViewController.swift */,
				0D7C5136294E8D22007D0D3C /* ListSearchViewControllerMany.swift */,
			);
			path = Pickers;
			sourceTree = "<group>";
		};
		0DD0AB062915A7A700E44F80 /* TagView */ = {
			isa = PBXGroup;
			children = (
				0DD0AB1729165F7900E44F80 /* CloseButton.swift */,
				0DD0AB1829165F7900E44F80 /* TagListView.swift */,
				0DD0AB1929165F7A00E44F80 /* TagView.swift */,
			);
			path = TagView;
			sourceTree = "<group>";
		};
		0DDE7EFA292FB3F0006CEE22 /* Packages */ = {
			isa = PBXGroup;
			children = (
				0D7C5167294F7BC3007D0D3C /* aidaSPM */,
			);
			name = Packages;
			sourceTree = "<group>";
		};
		0DDE7EFE292FB4B5006CEE22 /* Frameworks */ = {
			isa = PBXGroup;
			children = (
			);
			name = Frameworks;
			sourceTree = "<group>";
		};
		0DDE7F02292FB51D006CEE22 /* ServiceGraphQLApollo */ = {
			isa = PBXGroup;
			children = (
				0D7C5166294F7B2E007D0D3C /* Static */,
				0DDE7F29293419FB006CEE22 /* Auth */,
				0D15F8752948D3720081AD4A /* MyProfile */,
			);
			name = ServiceGraphQLApollo;
			path = ..;
			sourceTree = "<group>";
		};
		0DDE7F05292FBFE3006CEE22 /* Services */ = {
			isa = PBXGroup;
			children = (
				0DDE7F02292FB51D006CEE22 /* ServiceGraphQLApollo */,
				0DDE7F06292FBFF5006CEE22 /* APIService.swift */,
				0D7C516829507A42007D0D3C /* APIService+Auth.swift */,
				0DDE7F2A29341EA5006CEE22 /* TokenInterceptor.swift */,
				0DDE7F0B2933C98D006CEE22 /* BaseError.swift */,
			);
			path = Services;
			sourceTree = "<group>";
		};
		0DDE7F29293419FB006CEE22 /* Auth */ = {
			isa = PBXGroup;
			children = (
				0D7C5152294F7B1A007D0D3C /* CreateUserMutation.graphql.swift */,
				0D7C514D294F7B1A007D0D3C /* LoginUserMutation.graphql.swift */,
				0D7C514B294F7B1A007D0D3C /* RefreshTokenMutation.graphql.swift */,
				0D7C514C294F7B1A007D0D3C /* ResetPasswordMutation.graphql.swift */,
				0D7C5151294F7B1A007D0D3C /* SendCodeMutation.graphql.swift */,
				0D7C514A294F7B1A007D0D3C /* SendResetMutation.graphql.swift */,
				0D7C5155294F7B1A007D0D3C /* UpdatePasswordMutation.graphql.swift */,
				0D7C5153294F7B1A007D0D3C /* ValidateCodeMutation.graphql.swift */,
			);
			name = Auth;
			sourceTree = "<group>";
		};
/* End PBXGroup section */

/* Begin PBXNativeTarget section */
		0D50E5CB28E8593C006DB37A /* АйДа Гулять */ = {
			isa = PBXNativeTarget;
			buildConfigurationList = 0D50E5E028E8593D006DB37A /* Build configuration list for PBXNativeTarget "АйДа Гулять" */;
			buildPhases = (
				0D50E5C828E8593C006DB37A /* Sources */,
				0D50E5C928E8593C006DB37A /* Frameworks */,
				0D50E5CA28E8593C006DB37A /* Resources */,
			);
			buildRules = (
			);
			dependencies = (
			);
			name = "АйДа Гулять";
			packageProductDependencies = (
				0D50E5E428E85A9C006DB37A /* SnapKit */,
				0D50E5E728E85ABC006DB37A /* Alamofire */,
				0D50E5ED28E85CEE006DB37A /* Then */,
				0D5E66D128F0BB220094C949 /* Lottie */,
				0D20142E290017FF008C2C90 /* MarkdownKit */,
				0D7113DA29067E94005AB9F9 /* CombineCocoa */,
				0D7113DE2906A62E005AB9F9 /* ActiveLabel */,
				0D7113EC29070663005AB9F9 /* ShowTime */,
				0DEC9CED2912AB91001A8CDA /* Hero */,
				0DB4D9CA292FACA40098307C /* Apollo */,
				0DB4D9CC292FACA40098307C /* ApolloWebSocket */,
				0DDE7EFF292FB4B5006CEE22 /* Aida */,
				0DDE7F092931392E006CEE22 /* ApolloCombine */,
			);
			productName = "АйДа Гулять";
			productReference = 0D50E5CC28E8593C006DB37A /* АйДа Гулять.app */;
			productType = "com.apple.product-type.application";
		};
/* End PBXNativeTarget section */

/* Begin PBXProject section */
		0D50E5C428E8593C006DB37A /* Project object */ = {
			isa = PBXProject;
			attributes = {
				BuildIndependentTargetsInParallel = 1;
				LastSwiftUpdateCheck = 1340;
				LastUpgradeCheck = 1340;
				TargetAttributes = {
					0D50E5CB28E8593C006DB37A = {
						CreatedOnToolsVersion = 13.4.1;
					};
				};
			};
			buildConfigurationList = 0D50E5C728E8593C006DB37A /* Build configuration list for PBXProject "АйДа Гулять" */;
			compatibilityVersion = "Xcode 13.0";
			developmentRegion = en;
			hasScannedForEncodings = 0;
			knownRegions = (
				en,
				Base,
			);
			mainGroup = 0D50E5C328E8593C006DB37A;
			packageReferences = (
				0D50E5E328E85A9C006DB37A /* XCRemoteSwiftPackageReference "SnapKit" */,
				0D50E5E628E85ABC006DB37A /* XCRemoteSwiftPackageReference "Alamofire" */,
				0D50E5EC28E85CEE006DB37A /* XCRemoteSwiftPackageReference "Then" */,
				0D5E66D028F0BB220094C949 /* XCRemoteSwiftPackageReference "lottie-ios" */,
				0D20142D290017FF008C2C90 /* XCRemoteSwiftPackageReference "MarkdownKit" */,
				0D7113D929067E94005AB9F9 /* XCRemoteSwiftPackageReference "CombineCocoa" */,
				0D7113DD2906A62E005AB9F9 /* XCRemoteSwiftPackageReference "ActiveLabel" */,
				0D7113EB29070663005AB9F9 /* XCRemoteSwiftPackageReference "ShowTime" */,
				0DEC9CEC2912AB91001A8CDA /* XCRemoteSwiftPackageReference "Hero" */,
				0DB4D9C9292FACA40098307C /* XCRemoteSwiftPackageReference "apollo-ios" */,
				0DDE7F082931392E006CEE22 /* XCRemoteSwiftPackageReference "ApolloCombine" */,
			);
			productRefGroup = 0D50E5CD28E8593C006DB37A /* Products */;
			projectDirPath = "";
			projectRoot = "";
			targets = (
				0D50E5CB28E8593C006DB37A /* АйДа Гулять */,
			);
		};
/* End PBXProject section */

/* Begin PBXResourcesBuildPhase section */
		0D50E5CA28E8593C006DB37A /* Resources */ = {
			isa = PBXResourcesBuildPhase;
			buildActionMask = 2147483647;
			files = (
				0D2016CF28E896D0003E673E /* Montserrat-SemiBold.ttf in Resources */,
				0D2016D028E896D0003E673E /* Montserrat-Medium.ttf in Resources */,
				0D2016D128E896D0003E673E /* Montserrat-Regular.ttf in Resources */,
				0D50E5DC28E8593D006DB37A /* LaunchScreen.storyboard in Resources */,
				0D50E5D928E8593D006DB37A /* Assets.xcassets in Resources */,
			);
			runOnlyForDeploymentPostprocessing = 0;
		};
/* End PBXResourcesBuildPhase section */

/* Begin PBXSourcesBuildPhase section */
		0D50E5C828E8593C006DB37A /* Sources */ = {
			isa = PBXSourcesBuildPhase;
			buildActionMask = 2147483647;
			files = (
				0DDE7F2B29341EA5006CEE22 /* TokenInterceptor.swift in Sources */,
				0DF25ACB29169C4500A279A0 /* ContactsTableViewCell.swift in Sources */,
				0D13FD6A29058C2500A86E62 /* MapViewController.swift in Sources */,
				0DF25ACD2916C4ED00A279A0 /* DogProfileTableViewCell.swift in Sources */,
				0D7C5159294F7B1A007D0D3C /* SendResetMutation.graphql.swift in Sources */,
				0D0B1300293CF1A2003D5751 /* ActivityIndicator.swift in Sources */,
				0D3C521A28F5836500F91D0C /* AppRootViewController.swift in Sources */,
				0D7C5140294E9C4E007D0D3C /* SizingContainerView.swift in Sources */,
				0D50E5D428E8593C006DB37A /* AuthViewController.swift in Sources */,
				0D13FD6C2905A52600A86E62 /* DogProfileViewController.swift in Sources */,
				0D7C5134294E8103007D0D3C /* ProfileEditViewModel.swift in Sources */,
				0D81D0B328F8734000AB33D3 /* NewPasswordViewController.swift in Sources */,
				0D7113E82906F2D5005AB9F9 /* TestVCViewController.swift in Sources */,
				0DF25AD529179D6D00A279A0 /* DogProfileCollectionViewCell.swift in Sources */,
				0DD0AB1A29165F7A00E44F80 /* CloseButton.swift in Sources */,
				0D7C515C294F7B1A007D0D3C /* LoginUserMutation.graphql.swift in Sources */,
				0D20143129005AC9008C2C90 /* TutorialContentModel.swift in Sources */,
				0D15F8722947F2DD0081AD4A /* SearchFieldView.swift in Sources */,
				0DD24894290BEB7C00311427 /* UIViewController+embedInNavigation.swift in Sources */,
				0D81D0AF28F83D2A00AB33D3 /* RecoverPasswordEmailViewController.swift in Sources */,
				0D7C515B294F7B1A007D0D3C /* ResetPasswordMutation.graphql.swift in Sources */,
				0D6C0D24290EC22900BF4A14 /* InvisibleZoneConfigurateViewController.swift in Sources */,
				0D7C5157294F7B1A007D0D3C /* StaticDangerQuery.graphql.swift in Sources */,
				0D7113D429066FF6005AB9F9 /* Utils.swift in Sources */,
				0DEC9CF02912AC89001A8CDA /* ProfileSmallViewController.swift in Sources */,
				0DF25ADB2917FB6800A279A0 /* ResultTableViewCell.swift in Sources */,
				0D7C5137294E8D22007D0D3C /* ListSearchViewControllerMany.swift in Sources */,
				0DD24896290C1AFE00311427 /* ListTableViewCell.swift in Sources */,
				0DDE7F142933DB00006CEE22 /* MyProfileViewController.swift in Sources */,
				0DF25AD12916CB8D00A279A0 /* DogProfileFeaturesTableViewCell.swift in Sources */,
				0DF25AD32916CC1A00A279A0 /* DogProfileDescriptionTableViewCell.swift in Sources */,
				0D7C5132294E77D2007D0D3C /* NotificationNamesExtension.swift in Sources */,
				0DD24892290BEB5F00311427 /* DefaultNavigationViewController.swift in Sources */,
				0DF25ACF2916CA9900A279A0 /* DogProfileSpecsTableViewCell.swift in Sources */,
				0DDE7F122933D649006CEE22 /* MyProfileViewModel.swift in Sources */,
				0D2016D328E89789003E673E /* UIFont+customFont.swift in Sources */,
				0D7C5160294F7B1A007D0D3C /* SendCodeMutation.graphql.swift in Sources */,
				0D7C5163294F7B1A007D0D3C /* StaticBreedQuery.graphql.swift in Sources */,
				0D3C520A28F4A17900F91D0C /* UIImage+assets.swift in Sources */,
				0D7C515A294F7B1A007D0D3C /* RefreshTokenMutation.graphql.swift in Sources */,
				0DDE7F1A2933E9FF006CEE22 /* Coordinatable.swift in Sources */,
				0D7C5143294EA3C7007D0D3C /* UIView+firstResponderGet.swift in Sources */,
				0DD0AB1C29165F7A00E44F80 /* TagView.swift in Sources */,
				0D50E5D028E8593C006DB37A /* AppDelegate.swift in Sources */,
				0D7C516929507A42007D0D3C /* APIService+Auth.swift in Sources */,
				0DD2489C290D7B9500311427 /* DefaultDatePicker.swift in Sources */,
				0D20143B290402EC008C2C90 /* SnapCenterLayout.swift in Sources */,
				0D7113E12906A918005AB9F9 /* AgreementViewController.swift in Sources */,
				0D3C521228F4B42D00F91D0C /* Label.swift in Sources */,
				0D3C520E28F4A88500F91D0C /* DefaultTextField.swift in Sources */,
				0DD24898290D57E800311427 /* DefaultPicker.swift in Sources */,
				0D20142C290017B7008C2C90 /* AttributedString+markdown.swift in Sources */,
				0D3C521F28F58C2000F91D0C /* UIView+parentVC.swift in Sources */,
				0D0B1302293CF64D003D5751 /* ErrorIndicator.swift in Sources */,
				0DE2D02C2910064800CA1F91 /* SearchFieldMapView.swift in Sources */,
				0D20142829001440008C2C90 /* TutorialViewController.swift in Sources */,
				0DEC9CF22912B46F001A8CDA /* ProfileBigViewController.swift in Sources */,
				0D3C520828F4A17000F91D0C /* UIColor+assets.swift in Sources */,
				0DD24890290BDF5E00311427 /* ListSearchViewController.swift in Sources */,
				0D20142A290015A8008C2C90 /* TutorialPageContentViewController.swift in Sources */,
				0D7C5162294F7B1A007D0D3C /* ValidateCodeMutation.graphql.swift in Sources */,
				0D2014392903FB3B008C2C90 /* DogAvatarCollectionViewCell.swift in Sources */,
				0DF25AD72917BB1C00A279A0 /* MapButton.swift in Sources */,
				0D7C516E29508365007D0D3C /* StaticItemsModel.swift in Sources */,
				0DD0AAF6291599C700E44F80 /* TagsTableViewCell.swift in Sources */,
				0D7113EA2906FC8C005AB9F9 /* PersonEditViewController.swift in Sources */,
				0D3C521428F56DEB00F91D0C /* DefaultButton.swift in Sources */,
				0D3C521028F4AF9100F91D0C /* LabelButton.swift in Sources */,
				0D227BCB28F9D7180026CDAA /* DefaultAlertViewController.swift in Sources */,
				0DD0AAF0291546D000E44F80 /* BirthDateTableViewCell.swift in Sources */,
				0D2014372903F4B5008C2C90 /* ProfileEditViewController.swift in Sources */,
				0D7113D629067616005AB9F9 /* AuthViewModel.swift in Sources */,
				0DD2489A290D758200311427 /* DefaultSegmentedPicker.swift in Sources */,
				0D7C515D294F7B1A007D0D3C /* StaticSpecialQuery.graphql.swift in Sources */,
				0D3C521828F582CF00F91D0C /* UIViewController+hideKeyboard.swift in Sources */,
				0D7C515F294F7B1A007D0D3C /* StaticReasonQuery.graphql.swift in Sources */,
				0D495BB3294C9DFC0052187F /* UITableViewCell+identifier.swift in Sources */,
				0DD0AB1B29165F7A00E44F80 /* TagListView.swift in Sources */,
				0D7C5161294F7B1A007D0D3C /* CreateUserMutation.graphql.swift in Sources */,
				0D81D0B528F883F000AB33D3 /* RegistrationViewController.swift in Sources */,
				0D15F87C2949A0850081AD4A /* TutorialViewModel.swift in Sources */,
				0D7C515E294F7B1A007D0D3C /* StaticFeaturesQuery.graphql.swift in Sources */,
				0DF25AC929168A6F00A279A0 /* DescriptionTableViewCell.swift in Sources */,
				0D7C5164294F7B1A007D0D3C /* UpdatePasswordMutation.graphql.swift in Sources */,
				0D3C521628F57C1200F91D0C /* PasswordTextField.swift in Sources */,
				0D81D0B128F840B600AB33D3 /* EmailCodeViewController.swift in Sources */,
				0D5BD10628F5CA1700DD1496 /* ScalableImageView.swift in Sources */,
				0DDE7F182933E6C1006CEE22 /* Coordinator.swift in Sources */,
				0D5E66CF28F09D770094C949 /* SplashPresenter.swift in Sources */,
				0D5E66CE28F09D770094C949 /* SplashViewController.swift in Sources */,
				0D7C5165294F7B1A007D0D3C /* StaticColorQuery.graphql.swift in Sources */,
				0D7C513E294E9C4E007D0D3C /* InternalTextView.swift in Sources */,
				0D7C5147294F7B0A007D0D3C /* MyProfileQuery.graphql.swift in Sources */,
				0D7C5158294F7B1A007D0D3C /* StaticHobbyQuery.graphql.swift in Sources */,
				0DDE7F07292FBFF5006CEE22 /* APIService.swift in Sources */,
				0D3C521D28F585A900F91D0C /* TextFieldNextable.swift in Sources */,
				0D15F8702947DF3F0081AD4A /* UIWindow+topVC.swift in Sources */,
				0D7C513F294E9C4E007D0D3C /* NextGrowingTextView.swift in Sources */,
				0DD0AAEE291535CF00E44F80 /* PersonTableViewCell.swift in Sources */,
				0DDE7F0C2933C98D006CEE22 /* BaseError.swift in Sources */,
				0D5E66CD28F09D770094C949 /* SplashAnimator.swift in Sources */,
			);
			runOnlyForDeploymentPostprocessing = 0;
		};
/* End PBXSourcesBuildPhase section */

/* Begin PBXVariantGroup section */
		0D50E5DA28E8593D006DB37A /* LaunchScreen.storyboard */ = {
			isa = PBXVariantGroup;
			children = (
				0D50E5DB28E8593D006DB37A /* Base */,
			);
			name = LaunchScreen.storyboard;
			sourceTree = "<group>";
		};
/* End PBXVariantGroup section */

/* Begin XCBuildConfiguration section */
		0D50E5DE28E8593D006DB37A /* Debug */ = {
			isa = XCBuildConfiguration;
			buildSettings = {
				ALWAYS_SEARCH_USER_PATHS = NO;
				CLANG_ANALYZER_NONNULL = YES;
				CLANG_ANALYZER_NUMBER_OBJECT_CONVERSION = YES_AGGRESSIVE;
				CLANG_CXX_LANGUAGE_STANDARD = "gnu++17";
				CLANG_ENABLE_MODULES = YES;
				CLANG_ENABLE_OBJC_ARC = YES;
				CLANG_ENABLE_OBJC_WEAK = YES;
				CLANG_WARN_BLOCK_CAPTURE_AUTORELEASING = YES;
				CLANG_WARN_BOOL_CONVERSION = YES;
				CLANG_WARN_COMMA = YES;
				CLANG_WARN_CONSTANT_CONVERSION = YES;
				CLANG_WARN_DEPRECATED_OBJC_IMPLEMENTATIONS = YES;
				CLANG_WARN_DIRECT_OBJC_ISA_USAGE = YES_ERROR;
				CLANG_WARN_DOCUMENTATION_COMMENTS = YES;
				CLANG_WARN_EMPTY_BODY = YES;
				CLANG_WARN_ENUM_CONVERSION = YES;
				CLANG_WARN_INFINITE_RECURSION = YES;
				CLANG_WARN_INT_CONVERSION = YES;
				CLANG_WARN_NON_LITERAL_NULL_CONVERSION = YES;
				CLANG_WARN_OBJC_IMPLICIT_RETAIN_SELF = YES;
				CLANG_WARN_OBJC_LITERAL_CONVERSION = YES;
				CLANG_WARN_OBJC_ROOT_CLASS = YES_ERROR;
				CLANG_WARN_QUOTED_INCLUDE_IN_FRAMEWORK_HEADER = YES;
				CLANG_WARN_RANGE_LOOP_ANALYSIS = YES;
				CLANG_WARN_STRICT_PROTOTYPES = YES;
				CLANG_WARN_SUSPICIOUS_MOVE = YES;
				CLANG_WARN_UNGUARDED_AVAILABILITY = YES_AGGRESSIVE;
				CLANG_WARN_UNREACHABLE_CODE = YES;
				CLANG_WARN__DUPLICATE_METHOD_MATCH = YES;
				COPY_PHASE_STRIP = NO;
				DEBUG_INFORMATION_FORMAT = dwarf;
				ENABLE_STRICT_OBJC_MSGSEND = YES;
				ENABLE_TESTABILITY = YES;
				GCC_C_LANGUAGE_STANDARD = gnu11;
				GCC_DYNAMIC_NO_PIC = NO;
				GCC_NO_COMMON_BLOCKS = YES;
				GCC_OPTIMIZATION_LEVEL = 0;
				GCC_PREPROCESSOR_DEFINITIONS = (
					"DEBUG=1",
					"$(inherited)",
				);
				GCC_WARN_64_TO_32_BIT_CONVERSION = YES;
				GCC_WARN_ABOUT_RETURN_TYPE = YES_ERROR;
				GCC_WARN_UNDECLARED_SELECTOR = YES;
				GCC_WARN_UNINITIALIZED_AUTOS = YES_AGGRESSIVE;
				GCC_WARN_UNUSED_FUNCTION = YES;
				GCC_WARN_UNUSED_VARIABLE = YES;
				INFOPLIST_FILE = "АйДа Гулять/AppRoot/Info.plist";
				IPHONEOS_DEPLOYMENT_TARGET = 13.0;
				MTL_ENABLE_DEBUG_INFO = INCLUDE_SOURCE;
				MTL_FAST_MATH = YES;
				ONLY_ACTIVE_ARCH = YES;
				SDKROOT = iphoneos;
				SWIFT_ACTIVE_COMPILATION_CONDITIONS = DEBUG;
				SWIFT_OPTIMIZATION_LEVEL = "-Onone";
			};
			name = Debug;
		};
		0D50E5DF28E8593D006DB37A /* Release */ = {
			isa = XCBuildConfiguration;
			buildSettings = {
				ALWAYS_SEARCH_USER_PATHS = NO;
				CLANG_ANALYZER_NONNULL = YES;
				CLANG_ANALYZER_NUMBER_OBJECT_CONVERSION = YES_AGGRESSIVE;
				CLANG_CXX_LANGUAGE_STANDARD = "gnu++17";
				CLANG_ENABLE_MODULES = YES;
				CLANG_ENABLE_OBJC_ARC = YES;
				CLANG_ENABLE_OBJC_WEAK = YES;
				CLANG_WARN_BLOCK_CAPTURE_AUTORELEASING = YES;
				CLANG_WARN_BOOL_CONVERSION = YES;
				CLANG_WARN_COMMA = YES;
				CLANG_WARN_CONSTANT_CONVERSION = YES;
				CLANG_WARN_DEPRECATED_OBJC_IMPLEMENTATIONS = YES;
				CLANG_WARN_DIRECT_OBJC_ISA_USAGE = YES_ERROR;
				CLANG_WARN_DOCUMENTATION_COMMENTS = YES;
				CLANG_WARN_EMPTY_BODY = YES;
				CLANG_WARN_ENUM_CONVERSION = YES;
				CLANG_WARN_INFINITE_RECURSION = YES;
				CLANG_WARN_INT_CONVERSION = YES;
				CLANG_WARN_NON_LITERAL_NULL_CONVERSION = YES;
				CLANG_WARN_OBJC_IMPLICIT_RETAIN_SELF = YES;
				CLANG_WARN_OBJC_LITERAL_CONVERSION = YES;
				CLANG_WARN_OBJC_ROOT_CLASS = YES_ERROR;
				CLANG_WARN_QUOTED_INCLUDE_IN_FRAMEWORK_HEADER = YES;
				CLANG_WARN_RANGE_LOOP_ANALYSIS = YES;
				CLANG_WARN_STRICT_PROTOTYPES = YES;
				CLANG_WARN_SUSPICIOUS_MOVE = YES;
				CLANG_WARN_UNGUARDED_AVAILABILITY = YES_AGGRESSIVE;
				CLANG_WARN_UNREACHABLE_CODE = YES;
				CLANG_WARN__DUPLICATE_METHOD_MATCH = YES;
				COPY_PHASE_STRIP = NO;
				DEBUG_INFORMATION_FORMAT = "dwarf-with-dsym";
				ENABLE_NS_ASSERTIONS = NO;
				ENABLE_STRICT_OBJC_MSGSEND = YES;
				GCC_C_LANGUAGE_STANDARD = gnu11;
				GCC_NO_COMMON_BLOCKS = YES;
				GCC_WARN_64_TO_32_BIT_CONVERSION = YES;
				GCC_WARN_ABOUT_RETURN_TYPE = YES_ERROR;
				GCC_WARN_UNDECLARED_SELECTOR = YES;
				GCC_WARN_UNINITIALIZED_AUTOS = YES_AGGRESSIVE;
				GCC_WARN_UNUSED_FUNCTION = YES;
				GCC_WARN_UNUSED_VARIABLE = YES;
				INFOPLIST_FILE = "АйДа Гулять/AppRoot/Info.plist";
				IPHONEOS_DEPLOYMENT_TARGET = 13.0;
				MTL_ENABLE_DEBUG_INFO = NO;
				MTL_FAST_MATH = YES;
				SDKROOT = iphoneos;
				SWIFT_COMPILATION_MODE = wholemodule;
				SWIFT_OPTIMIZATION_LEVEL = "-O";
				VALIDATE_PRODUCT = YES;
			};
			name = Release;
		};
		0D50E5E128E8593D006DB37A /* Debug */ = {
			isa = XCBuildConfiguration;
			buildSettings = {
				ASSETCATALOG_COMPILER_APPICON_NAME = AppIcon;
				ASSETCATALOG_COMPILER_GLOBAL_ACCENT_COLOR_NAME = AccentColor;
				CODE_SIGN_STYLE = Automatic;
				CURRENT_PROJECT_VERSION = 1;
				DEVELOPMENT_TEAM = M3WBMTG67K;
				GENERATE_INFOPLIST_FILE = YES;
				INFOPLIST_FILE = "АйДа Гулять/AppRoot/Info.plist";
				INFOPLIST_KEY_UIApplicationSupportsIndirectInputEvents = YES;
				INFOPLIST_KEY_UILaunchStoryboardName = LaunchScreen;
				INFOPLIST_KEY_UISupportedInterfaceOrientations = UIInterfaceOrientationPortrait;
				INFOPLIST_KEY_UISupportedInterfaceOrientations_iPad = "UIInterfaceOrientationPortrait UIInterfaceOrientationPortraitUpsideDown UIInterfaceOrientationLandscapeLeft UIInterfaceOrientationLandscapeRight";
				INFOPLIST_KEY_UISupportedInterfaceOrientations_iPhone = "UIInterfaceOrientationPortrait UIInterfaceOrientationLandscapeLeft UIInterfaceOrientationLandscapeRight";
				IPHONEOS_DEPLOYMENT_TARGET = 13.0;
				LD_RUNPATH_SEARCH_PATHS = (
					"$(inherited)",
					"@executable_path/Frameworks",
				);
				MARKETING_VERSION = 1.0;
				PRODUCT_BUNDLE_IDENTIFIER = com.ayda.aydagulat;
				PRODUCT_NAME = "$(TARGET_NAME)";
				SWIFT_EMIT_LOC_STRINGS = YES;
				SWIFT_VERSION = 5.0;
				TARGETED_DEVICE_FAMILY = 1;
			};
			name = Debug;
		};
		0D50E5E228E8593D006DB37A /* Release */ = {
			isa = XCBuildConfiguration;
			buildSettings = {
				ASSETCATALOG_COMPILER_APPICON_NAME = AppIcon;
				ASSETCATALOG_COMPILER_GLOBAL_ACCENT_COLOR_NAME = AccentColor;
				CODE_SIGN_STYLE = Automatic;
				CURRENT_PROJECT_VERSION = 1;
				DEVELOPMENT_TEAM = M3WBMTG67K;
				GENERATE_INFOPLIST_FILE = YES;
				INFOPLIST_FILE = "АйДа Гулять/AppRoot/Info.plist";
				INFOPLIST_KEY_UIApplicationSupportsIndirectInputEvents = YES;
				INFOPLIST_KEY_UILaunchStoryboardName = LaunchScreen;
				INFOPLIST_KEY_UISupportedInterfaceOrientations = UIInterfaceOrientationPortrait;
				INFOPLIST_KEY_UISupportedInterfaceOrientations_iPad = "UIInterfaceOrientationPortrait UIInterfaceOrientationPortraitUpsideDown UIInterfaceOrientationLandscapeLeft UIInterfaceOrientationLandscapeRight";
				INFOPLIST_KEY_UISupportedInterfaceOrientations_iPhone = "UIInterfaceOrientationPortrait UIInterfaceOrientationLandscapeLeft UIInterfaceOrientationLandscapeRight";
				IPHONEOS_DEPLOYMENT_TARGET = 13.0;
				LD_RUNPATH_SEARCH_PATHS = (
					"$(inherited)",
					"@executable_path/Frameworks",
				);
				MARKETING_VERSION = 1.0;
				PRODUCT_BUNDLE_IDENTIFIER = com.ayda.aydagulat;
				PRODUCT_NAME = "$(TARGET_NAME)";
				SWIFT_EMIT_LOC_STRINGS = YES;
				SWIFT_VERSION = 5.0;
				TARGETED_DEVICE_FAMILY = 1;
			};
			name = Release;
		};
/* End XCBuildConfiguration section */

/* Begin XCConfigurationList section */
		0D50E5C728E8593C006DB37A /* Build configuration list for PBXProject "АйДа Гулять" */ = {
			isa = XCConfigurationList;
			buildConfigurations = (
				0D50E5DE28E8593D006DB37A /* Debug */,
				0D50E5DF28E8593D006DB37A /* Release */,
			);
			defaultConfigurationIsVisible = 0;
			defaultConfigurationName = Release;
		};
		0D50E5E028E8593D006DB37A /* Build configuration list for PBXNativeTarget "АйДа Гулять" */ = {
			isa = XCConfigurationList;
			buildConfigurations = (
				0D50E5E128E8593D006DB37A /* Debug */,
				0D50E5E228E8593D006DB37A /* Release */,
			);
			defaultConfigurationIsVisible = 0;
			defaultConfigurationName = Release;
		};
/* End XCConfigurationList section */

/* Begin XCRemoteSwiftPackageReference section */
		0D20142D290017FF008C2C90 /* XCRemoteSwiftPackageReference "MarkdownKit" */ = {
			isa = XCRemoteSwiftPackageReference;
			repositoryURL = "https://github.com/bmoliveira/MarkdownKit";
			requirement = {
				kind = upToNextMajorVersion;
				minimumVersion = 1.0.0;
			};
		};
		0D50E5E328E85A9C006DB37A /* XCRemoteSwiftPackageReference "SnapKit" */ = {
			isa = XCRemoteSwiftPackageReference;
			repositoryURL = "https://github.com/SnapKit/SnapKit";
			requirement = {
				kind = upToNextMajorVersion;
				minimumVersion = 5.0.0;
			};
		};
		0D50E5E628E85ABC006DB37A /* XCRemoteSwiftPackageReference "Alamofire" */ = {
			isa = XCRemoteSwiftPackageReference;
			repositoryURL = "https://github.com/Alamofire/Alamofire";
			requirement = {
				kind = upToNextMajorVersion;
				minimumVersion = 5.0.0;
			};
		};
		0D50E5EC28E85CEE006DB37A /* XCRemoteSwiftPackageReference "Then" */ = {
			isa = XCRemoteSwiftPackageReference;
			repositoryURL = "https://github.com/devxoul/Then";
			requirement = {
				kind = upToNextMajorVersion;
				minimumVersion = 3.0.0;
			};
		};
		0D5E66D028F0BB220094C949 /* XCRemoteSwiftPackageReference "lottie-ios" */ = {
			isa = XCRemoteSwiftPackageReference;
			repositoryURL = "https://github.com/airbnb/lottie-ios";
			requirement = {
				kind = upToNextMajorVersion;
				minimumVersion = 3.0.0;
			};
		};
		0D7113D929067E94005AB9F9 /* XCRemoteSwiftPackageReference "CombineCocoa" */ = {
			isa = XCRemoteSwiftPackageReference;
			repositoryURL = "https://github.com/CombineCommunity/CombineCocoa";
			requirement = {
				kind = upToNextMajorVersion;
				minimumVersion = 0.4.1;
			};
		};
		0D7113DD2906A62E005AB9F9 /* XCRemoteSwiftPackageReference "ActiveLabel" */ = {
			isa = XCRemoteSwiftPackageReference;
			repositoryURL = "https://github.com/optonaut/ActiveLabel.swift";
			requirement = {
				kind = upToNextMajorVersion;
				minimumVersion = 1.0.0;
			};
		};
		0D7113EB29070663005AB9F9 /* XCRemoteSwiftPackageReference "ShowTime" */ = {
			isa = XCRemoteSwiftPackageReference;
			repositoryURL = "https://github.com/KaneCheshire/ShowTime.git";
			requirement = {
				kind = upToNextMajorVersion;
				minimumVersion = 2.0.0;
			};
		};
		0DB4D9C9292FACA40098307C /* XCRemoteSwiftPackageReference "apollo-ios" */ = {
			isa = XCRemoteSwiftPackageReference;
			repositoryURL = "https://github.com/apollographql/apollo-ios.git";
			requirement = {
				kind = upToNextMinorVersion;
				minimumVersion = 1.0.0;
			};
		};
		0DDE7F082931392E006CEE22 /* XCRemoteSwiftPackageReference "ApolloCombine" */ = {
			isa = XCRemoteSwiftPackageReference;
			repositoryURL = "https://github.com/joel-perry/ApolloCombine";
			requirement = {
				kind = upToNextMajorVersion;
				minimumVersion = 0.6.0;
			};
		};
		0DEC9CEC2912AB91001A8CDA /* XCRemoteSwiftPackageReference "Hero" */ = {
			isa = XCRemoteSwiftPackageReference;
			repositoryURL = "https://github.com/HeroTransitions/Hero";
			requirement = {
				kind = upToNextMajorVersion;
				minimumVersion = 1.0.0;
			};
		};
/* End XCRemoteSwiftPackageReference section */

/* Begin XCSwiftPackageProductDependency section */
		0D20142E290017FF008C2C90 /* MarkdownKit */ = {
			isa = XCSwiftPackageProductDependency;
			package = 0D20142D290017FF008C2C90 /* XCRemoteSwiftPackageReference "MarkdownKit" */;
			productName = MarkdownKit;
		};
		0D50E5E428E85A9C006DB37A /* SnapKit */ = {
			isa = XCSwiftPackageProductDependency;
			package = 0D50E5E328E85A9C006DB37A /* XCRemoteSwiftPackageReference "SnapKit" */;
			productName = SnapKit;
		};
		0D50E5E728E85ABC006DB37A /* Alamofire */ = {
			isa = XCSwiftPackageProductDependency;
			package = 0D50E5E628E85ABC006DB37A /* XCRemoteSwiftPackageReference "Alamofire" */;
			productName = Alamofire;
		};
		0D50E5ED28E85CEE006DB37A /* Then */ = {
			isa = XCSwiftPackageProductDependency;
			package = 0D50E5EC28E85CEE006DB37A /* XCRemoteSwiftPackageReference "Then" */;
			productName = Then;
		};
		0D5E66D128F0BB220094C949 /* Lottie */ = {
			isa = XCSwiftPackageProductDependency;
			package = 0D5E66D028F0BB220094C949 /* XCRemoteSwiftPackageReference "lottie-ios" */;
			productName = Lottie;
		};
		0D7113DA29067E94005AB9F9 /* CombineCocoa */ = {
			isa = XCSwiftPackageProductDependency;
			package = 0D7113D929067E94005AB9F9 /* XCRemoteSwiftPackageReference "CombineCocoa" */;
			productName = CombineCocoa;
		};
		0D7113DE2906A62E005AB9F9 /* ActiveLabel */ = {
			isa = XCSwiftPackageProductDependency;
			package = 0D7113DD2906A62E005AB9F9 /* XCRemoteSwiftPackageReference "ActiveLabel" */;
			productName = ActiveLabel;
		};
		0D7113EC29070663005AB9F9 /* ShowTime */ = {
			isa = XCSwiftPackageProductDependency;
			package = 0D7113EB29070663005AB9F9 /* XCRemoteSwiftPackageReference "ShowTime" */;
			productName = ShowTime;
		};
		0DB4D9CA292FACA40098307C /* Apollo */ = {
			isa = XCSwiftPackageProductDependency;
			package = 0DB4D9C9292FACA40098307C /* XCRemoteSwiftPackageReference "apollo-ios" */;
			productName = Apollo;
		};
		0DB4D9CC292FACA40098307C /* ApolloWebSocket */ = {
			isa = XCSwiftPackageProductDependency;
			package = 0DB4D9C9292FACA40098307C /* XCRemoteSwiftPackageReference "apollo-ios" */;
			productName = ApolloWebSocket;
		};
		0DDE7EFF292FB4B5006CEE22 /* Aida */ = {
			isa = XCSwiftPackageProductDependency;
			productName = Aida;
		};
		0DDE7F092931392E006CEE22 /* ApolloCombine */ = {
			isa = XCSwiftPackageProductDependency;
			package = 0DDE7F082931392E006CEE22 /* XCRemoteSwiftPackageReference "ApolloCombine" */;
			productName = ApolloCombine;
		};
		0DEC9CED2912AB91001A8CDA /* Hero */ = {
			isa = XCSwiftPackageProductDependency;
			package = 0DEC9CEC2912AB91001A8CDA /* XCRemoteSwiftPackageReference "Hero" */;
			productName = Hero;
		};
/* End XCSwiftPackageProductDependency section */
	};
	rootObject = 0D50E5C428E8593C006DB37A /* Project object */;
}
